// !$*UTF8*$!
{
	archiveVersion = 1;
	classes = {
	};
	objectVersion = 46;
	objects = {

/* Begin PBXBuildFile section */
		6E3486901D20EC99001B9337 /* LDCRecommendViewController.m in Sources */ = {isa = PBXBuildFile; fileRef = 6E34868F1D20EC99001B9337 /* LDCRecommendViewController.m */; };
		6E3486941D22300B001B9337 /* LDCRecommendViewController.xib in Resources */ = {isa = PBXBuildFile; fileRef = 6E3486931D22300B001B9337 /* LDCRecommendViewController.xib */; };
		6E8D503C1D1133B20012CD3B /* main.m in Sources */ = {isa = PBXBuildFile; fileRef = 6E8D503B1D1133B20012CD3B /* main.m */; };
		6E8D503F1D1133B20012CD3B /* AppDelegate.m in Sources */ = {isa = PBXBuildFile; fileRef = 6E8D503E1D1133B20012CD3B /* AppDelegate.m */; };
		6E8D50421D1133B20012CD3B /* ViewController.m in Sources */ = {isa = PBXBuildFile; fileRef = 6E8D50411D1133B20012CD3B /* ViewController.m */; };
		6E8D50451D1133B20012CD3B /* Main.storyboard in Resources */ = {isa = PBXBuildFile; fileRef = 6E8D50431D1133B20012CD3B /* Main.storyboard */; };
		6E8D50471D1133B20012CD3B /* Assets.xcassets in Resources */ = {isa = PBXBuildFile; fileRef = 6E8D50461D1133B20012CD3B /* Assets.xcassets */; };
		6E8D504A1D1133B20012CD3B /* LaunchScreen.storyboard in Resources */ = {isa = PBXBuildFile; fileRef = 6E8D50481D1133B20012CD3B /* LaunchScreen.storyboard */; };
		6E8D50531D1133D40012CD3B /* FirstViewController.m in Sources */ = {isa = PBXBuildFile; fileRef = 6E8D50521D1133D40012CD3B /* FirstViewController.m */; };
		6E8D50561D1133E70012CD3B /* SecondViewController.m in Sources */ = {isa = PBXBuildFile; fileRef = 6E8D50551D1133E70012CD3B /* SecondViewController.m */; };
		6E8D50591D1138160012CD3B /* TransitionAnimated.m in Sources */ = {isa = PBXBuildFile; fileRef = 6E8D50581D1138160012CD3B /* TransitionAnimated.m */; };
		6E8D505C1D113DC60012CD3B /* PushAnimated.m in Sources */ = {isa = PBXBuildFile; fileRef = 6E8D505B1D113DC60012CD3B /* PushAnimated.m */; };
		6E8D505F1D113DDE0012CD3B /* PopAnimated.m in Sources */ = {isa = PBXBuildFile; fileRef = 6E8D505E1D113DDE0012CD3B /* PopAnimated.m */; };
		6E8D50621D113E860012CD3B /* UIView+SetRect.m in Sources */ = {isa = PBXBuildFile; fileRef = 6E8D50611D113E860012CD3B /* UIView+SetRect.m */; };
		6E8D50811D12803E0012CD3B /* GCDQueue.m in Sources */ = {isa = PBXBuildFile; fileRef = 6E8D50801D12803E0012CD3B /* GCDQueue.m */; };
		6E8D508A1D12B1BF0012CD3B /* BaseViewController.m in Sources */ = {isa = PBXBuildFile; fileRef = 6E8D50891D12B1BF0012CD3B /* BaseViewController.m */; };
		6E8D50C01D12CAF20012CD3B /* POPAnimatableProperty.mm in Sources */ = {isa = PBXBuildFile; fileRef = 6E8D508F1D12CAF20012CD3B /* POPAnimatableProperty.mm */; };
		6E8D50C11D12CAF20012CD3B /* POPAnimation.mm in Sources */ = {isa = PBXBuildFile; fileRef = 6E8D50911D12CAF20012CD3B /* POPAnimation.mm */; };
		6E8D50C21D12CAF20012CD3B /* POPAnimationEvent.mm in Sources */ = {isa = PBXBuildFile; fileRef = 6E8D50931D12CAF20012CD3B /* POPAnimationEvent.mm */; };
		6E8D50C31D12CAF20012CD3B /* POPAnimationExtras.mm in Sources */ = {isa = PBXBuildFile; fileRef = 6E8D50961D12CAF20012CD3B /* POPAnimationExtras.mm */; };
		6E8D50C41D12CAF20012CD3B /* POPAnimationRuntime.mm in Sources */ = {isa = PBXBuildFile; fileRef = 6E8D509A1D12CAF20012CD3B /* POPAnimationRuntime.mm */; };
		6E8D50C51D12CAF20012CD3B /* POPAnimationTracer.mm in Sources */ = {isa = PBXBuildFile; fileRef = 6E8D509C1D12CAF20012CD3B /* POPAnimationTracer.mm */; };
		6E8D50C61D12CAF20012CD3B /* POPAnimator.mm in Sources */ = {isa = PBXBuildFile; fileRef = 6E8D509F1D12CAF20012CD3B /* POPAnimator.mm */; };
		6E8D50C71D12CAF20012CD3B /* POPBasicAnimation.mm in Sources */ = {isa = PBXBuildFile; fileRef = 6E8D50A21D12CAF20012CD3B /* POPBasicAnimation.mm */; };
		6E8D50C81D12CAF20012CD3B /* POPCGUtils.mm in Sources */ = {isa = PBXBuildFile; fileRef = 6E8D50A51D12CAF20012CD3B /* POPCGUtils.mm */; };
		6E8D50C91D12CAF20012CD3B /* POPCustomAnimation.mm in Sources */ = {isa = PBXBuildFile; fileRef = 6E8D50A71D12CAF20012CD3B /* POPCustomAnimation.mm */; };
		6E8D50CA1D12CAF20012CD3B /* POPDecayAnimation.mm in Sources */ = {isa = PBXBuildFile; fileRef = 6E8D50A91D12CAF20012CD3B /* POPDecayAnimation.mm */; };
		6E8D50CB1D12CAF20012CD3B /* POPGeometry.mm in Sources */ = {isa = PBXBuildFile; fileRef = 6E8D50AD1D12CAF20012CD3B /* POPGeometry.mm */; };
		6E8D50CC1D12CAF20012CD3B /* POPLayerExtras.mm in Sources */ = {isa = PBXBuildFile; fileRef = 6E8D50AF1D12CAF20012CD3B /* POPLayerExtras.mm */; };
		6E8D50CD1D12CAF20012CD3B /* POPMath.mm in Sources */ = {isa = PBXBuildFile; fileRef = 6E8D50B11D12CAF20012CD3B /* POPMath.mm */; };
		6E8D50CE1D12CAF20012CD3B /* POPPropertyAnimation.mm in Sources */ = {isa = PBXBuildFile; fileRef = 6E8D50B31D12CAF20012CD3B /* POPPropertyAnimation.mm */; };
		6E8D50CF1D12CAF20012CD3B /* POPSpringAnimation.mm in Sources */ = {isa = PBXBuildFile; fileRef = 6E8D50B61D12CAF20012CD3B /* POPSpringAnimation.mm */; };
		6E8D50D01D12CAF20012CD3B /* POPVector.mm in Sources */ = {isa = PBXBuildFile; fileRef = 6E8D50BA1D12CAF20012CD3B /* POPVector.mm */; };
		6E8D50D11D12CAF20012CD3B /* TransformationMatrix.cpp in Sources */ = {isa = PBXBuildFile; fileRef = 6E8D50BD1D12CAF20012CD3B /* TransformationMatrix.cpp */; };
		6E8D50D41D12CF9D0012CD3B /* CustomCell.m in Sources */ = {isa = PBXBuildFile; fileRef = 6E8D50D31D12CF9D0012CD3B /* CustomCell.m */; };
		6E8D50D71D1387530012CD3B /* ListItemCell.m in Sources */ = {isa = PBXBuildFile; fileRef = 6E8D50D61D1387530012CD3B /* ListItemCell.m */; };
		6E8D50DC1D13BBCE0012CD3B /* SpringScaleViewController.m in Sources */ = {isa = PBXBuildFile; fileRef = 6E8D50DB1D13BBCE0012CD3B /* SpringScaleViewController.m */; };
		6E8D50E01D13BE3E0012CD3B /* UIFont+Fonts.m in Sources */ = {isa = PBXBuildFile; fileRef = 6E8D50DF1D13BE3E0012CD3B /* UIFont+Fonts.m */; };
		6E8D50E31D1500AE0012CD3B /* ScrollViewAnimationController.m in Sources */ = {isa = PBXBuildFile; fileRef = 6E8D50E21D1500AE0012CD3B /* ScrollViewAnimationController.m */; };
		6E8D50E81D1509A70012CD3B /* 1.png in Resources */ = {isa = PBXBuildFile; fileRef = 6E8D50E51D1509A70012CD3B /* 1.png */; };
		6E8D50EA1D1509A70012CD3B /* 2.png in Resources */ = {isa = PBXBuildFile; fileRef = 6E8D50E71D1509A70012CD3B /* 2.png */; };
		6E8D50F01D156F800012CD3B /* ScrollViewComputingAlphaValue.m in Sources */ = {isa = PBXBuildFile; fileRef = 6E8D50EF1D156F800012CD3B /* ScrollViewComputingAlphaValue.m */; };
		6E8D50F41D1571300012CD3B /* Math.m in Sources */ = {isa = PBXBuildFile; fileRef = 6E8D50F31D1571300012CD3B /* Math.m */; };
		6E8D50F61D1583820012CD3B /* 0.png in Resources */ = {isa = PBXBuildFile; fileRef = 6E8D50F51D1583820012CD3B /* 0.png */; };
		6E8D50F91D15B8810012CD3B /* InfiniteLoopViewController.m in Sources */ = {isa = PBXBuildFile; fileRef = 6E8D50F81D15B8810012CD3B /* InfiniteLoopViewController.m */; };
		6E8D51001D1646F60012CD3B /* InfiniteLoopViewBuilder.m in Sources */ = {isa = PBXBuildFile; fileRef = 6E8D50FF1D1646F60012CD3B /* InfiniteLoopViewBuilder.m */; };
		6E8D51031D164A680012CD3B /* InfiniteLoopView.m in Sources */ = {isa = PBXBuildFile; fileRef = 6E8D51021D164A680012CD3B /* InfiniteLoopView.m */; };
		6E8D51071D1665010012CD3B /* CustomInfiniteLoopViewCell.m in Sources */ = {isa = PBXBuildFile; fileRef = 6E8D51061D1665010012CD3B /* CustomInfiniteLoopViewCell.m */; };
		6E8D510B1D1689780012CD3B /* LoopViewCell.m in Sources */ = {isa = PBXBuildFile; fileRef = 6E8D510A1D1689780012CD3B /* LoopViewCell.m */; };
		6E8D510F1D168C030012CD3B /* ImageModel.m in Sources */ = {isa = PBXBuildFile; fileRef = 6E8D510E1D168C030012CD3B /* ImageModel.m */; };
		6E8D51331D16D4D20012CD3B /* MKAnnotationView+WebCache.m in Sources */ = {isa = PBXBuildFile; fileRef = 6E8D51131D16D4D20012CD3B /* MKAnnotationView+WebCache.m */; };
		6E8D51341D16D4D20012CD3B /* NSData+ImageContentType.m in Sources */ = {isa = PBXBuildFile; fileRef = 6E8D51151D16D4D20012CD3B /* NSData+ImageContentType.m */; };
		6E8D51351D16D4D20012CD3B /* SDImageCache.m in Sources */ = {isa = PBXBuildFile; fileRef = 6E8D51171D16D4D20012CD3B /* SDImageCache.m */; };
		6E8D51361D16D4D20012CD3B /* SDWebImageCompat.m in Sources */ = {isa = PBXBuildFile; fileRef = 6E8D51191D16D4D20012CD3B /* SDWebImageCompat.m */; };
		6E8D51371D16D4D20012CD3B /* SDWebImageDecoder.m in Sources */ = {isa = PBXBuildFile; fileRef = 6E8D511B1D16D4D20012CD3B /* SDWebImageDecoder.m */; };
		6E8D51381D16D4D20012CD3B /* SDWebImageDownloader.m in Sources */ = {isa = PBXBuildFile; fileRef = 6E8D511D1D16D4D20012CD3B /* SDWebImageDownloader.m */; };
		6E8D51391D16D4D20012CD3B /* SDWebImageDownloaderOperation.m in Sources */ = {isa = PBXBuildFile; fileRef = 6E8D511F1D16D4D20012CD3B /* SDWebImageDownloaderOperation.m */; };
		6E8D513A1D16D4D20012CD3B /* SDWebImageManager.m in Sources */ = {isa = PBXBuildFile; fileRef = 6E8D51211D16D4D20012CD3B /* SDWebImageManager.m */; };
		6E8D513B1D16D4D20012CD3B /* SDWebImagePrefetcher.m in Sources */ = {isa = PBXBuildFile; fileRef = 6E8D51241D16D4D20012CD3B /* SDWebImagePrefetcher.m */; };
		6E8D513C1D16D4D20012CD3B /* UIButton+WebCache.m in Sources */ = {isa = PBXBuildFile; fileRef = 6E8D51261D16D4D20012CD3B /* UIButton+WebCache.m */; };
		6E8D513D1D16D4D20012CD3B /* UIImage+GIF.m in Sources */ = {isa = PBXBuildFile; fileRef = 6E8D51281D16D4D20012CD3B /* UIImage+GIF.m */; };
		6E8D513E1D16D4D20012CD3B /* UIImage+MultiFormat.m in Sources */ = {isa = PBXBuildFile; fileRef = 6E8D512A1D16D4D20012CD3B /* UIImage+MultiFormat.m */; };
		6E8D513F1D16D4D20012CD3B /* UIImage+WebP.m in Sources */ = {isa = PBXBuildFile; fileRef = 6E8D512C1D16D4D20012CD3B /* UIImage+WebP.m */; };
		6E8D51401D16D4D20012CD3B /* UIImageView+HighlightedWebCache.m in Sources */ = {isa = PBXBuildFile; fileRef = 6E8D512E1D16D4D20012CD3B /* UIImageView+HighlightedWebCache.m */; };
		6E8D51411D16D4D20012CD3B /* UIImageView+WebCache.m in Sources */ = {isa = PBXBuildFile; fileRef = 6E8D51301D16D4D20012CD3B /* UIImageView+WebCache.m */; };
		6E8D51421D16D4D20012CD3B /* UIView+WebCacheOperation.m in Sources */ = {isa = PBXBuildFile; fileRef = 6E8D51321D16D4D20012CD3B /* UIView+WebCacheOperation.m */; };
		6EADB9961D18DDAC0043419D /* ScrollParallax ViewController.m in Sources */ = {isa = PBXBuildFile; fileRef = 6EADB9951D18DDAC0043419D /* ScrollParallax ViewController.m */; };
		6EADB9981D18E01E0043419D /* 3.png in Resources */ = {isa = PBXBuildFile; fileRef = 6EADB9971D18E01E0043419D /* 3.png */; };
		6EADB99C1D18E1920043419D /* MoreInfoView.m in Sources */ = {isa = PBXBuildFile; fileRef = 6EADB99B1D18E1920043419D /* MoreInfoView.m */; };
		6EADB9A01D1934070043419D /* CalculatorMaker.m in Sources */ = {isa = PBXBuildFile; fileRef = 6EADB99F1D1934070043419D /* CalculatorMaker.m */; };
		6EADB9A31D193DE90043419D /* NSObject+Calculator.m in Sources */ = {isa = PBXBuildFile; fileRef = 6EADB9A21D193DE90043419D /* NSObject+Calculator.m */; };
		6EADB9A61D1A443F0043419D /* CalculatorManger.m in Sources */ = {isa = PBXBuildFile; fileRef = 6EADB9A51D1A443F0043419D /* CalculatorManger.m */; };
		6EADB9AC1D1A48AA0043419D /* NSObject+Manger.m in Sources */ = {isa = PBXBuildFile; fileRef = 6EADB9AB1D1A48AA0043419D /* NSObject+Manger.m */; };
		6EADB9AF1D1A69090043419D /* Person.m in Sources */ = {isa = PBXBuildFile; fileRef = 6EADB9AE1D1A69090043419D /* Person.m */; };
		6EADB9B31D1A6B6A0043419D /* NSObject+KVO.m in Sources */ = {isa = PBXBuildFile; fileRef = 6EADB9B21D1A6B6A0043419D /* NSObject+KVO.m */; };
		6EADB9B61D1A6D790043419D /* LDCKVONotifiyingPerson.m in Sources */ = {isa = PBXBuildFile; fileRef = 6EADB9B51D1A6D790043419D /* LDCKVONotifiyingPerson.m */; };
		6EADB9BA1D1A801F0043419D /* Calculator.m in Sources */ = {isa = PBXBuildFile; fileRef = 6EADB9B91D1A801F0043419D /* Calculator.m */; };
		6EB41A291D1D13C100C32DA7 /* LDCBaseNavigationController.m in Sources */ = {isa = PBXBuildFile; fileRef = 6EB41A281D1D13C100C32DA7 /* LDCBaseNavigationController.m */; };
		6EB41A2D1D1D382F00C32DA7 /* UIBarButtonItem+LDC.m in Sources */ = {isa = PBXBuildFile; fileRef = 6EB41A2C1D1D382F00C32DA7 /* UIBarButtonItem+LDC.m */; };
		6EB41A301D1E498900C32DA7 /* LDCTabBarController.m in Sources */ = {isa = PBXBuildFile; fileRef = 6EB41A2F1D1E498900C32DA7 /* LDCTabBarController.m */; };
		6EB41A361D1E4E4200C32DA7 /* UIImage+LDC.m in Sources */ = {isa = PBXBuildFile; fileRef = 6EB41A351D1E4E4200C32DA7 /* UIImage+LDC.m */; };
		6EDE18E91D1E9F5700DA552F /* LDCTabBar.m in Sources */ = {isa = PBXBuildFile; fileRef = 6EDE18E81D1E9F5700DA552F /* LDCTabBar.m */; };
		6EDE18ED1D1EA24300DA552F /* LDCEssenceViewController.m in Sources */ = {isa = PBXBuildFile; fileRef = 6EDE18EC1D1EA24300DA552F /* LDCEssenceViewController.m */; };
		6EDE18F01D1EA28400DA552F /* LDCNewViewController.m in Sources */ = {isa = PBXBuildFile; fileRef = 6EDE18EF1D1EA28400DA552F /* LDCNewViewController.m */; };
		6EDE18F31D1EA2B900DA552F /* LDCAttentionViewController.m in Sources */ = {isa = PBXBuildFile; fileRef = 6EDE18F21D1EA2B900DA552F /* LDCAttentionViewController.m */; };
		6EDE18F61D1EA2DF00DA552F /* LDCMineViewController.m in Sources */ = {isa = PBXBuildFile; fileRef = 6EDE18F51D1EA2DF00DA552F /* LDCMineViewController.m */; };
		6EDE18FD1D1F9A1500DA552F /* LDCEssenceDetailViewController.m in Sources */ = {isa = PBXBuildFile; fileRef = 6EDE18FC1D1F9A1500DA552F /* LDCEssenceDetailViewController.m */; };
		6EDE19011D1FDC5200DA552F /* LDCNewDetailViewController.m in Sources */ = {isa = PBXBuildFile; fileRef = 6EDE19001D1FDC5200DA552F /* LDCNewDetailViewController.m */; };
/* End PBXBuildFile section */

/* Begin PBXFileReference section */
		6E34868E1D20EC99001B9337 /* LDCRecommendViewController.h */ = {isa = PBXFileReference; fileEncoding = 4; lastKnownFileType = sourcecode.c.h; path = LDCRecommendViewController.h; sourceTree = "<group>"; };
		6E34868F1D20EC99001B9337 /* LDCRecommendViewController.m */ = {isa = PBXFileReference; fileEncoding = 4; lastKnownFileType = sourcecode.c.objc; path = LDCRecommendViewController.m; sourceTree = "<group>"; };
		6E3486931D22300B001B9337 /* LDCRecommendViewController.xib */ = {isa = PBXFileReference; fileEncoding = 4; lastKnownFileType = file.xib; path = LDCRecommendViewController.xib; sourceTree = "<group>"; };
		6E8D50371D1133B20012CD3B /* 自定义视图控制器切换.app */ = {isa = PBXFileReference; explicitFileType = wrapper.application; includeInIndex = 0; path = "自定义视图控制器切换.app"; sourceTree = BUILT_PRODUCTS_DIR; };
		6E8D503B1D1133B20012CD3B /* main.m */ = {isa = PBXFileReference; lastKnownFileType = sourcecode.c.objc; path = main.m; sourceTree = "<group>"; };
		6E8D503D1D1133B20012CD3B /* AppDelegate.h */ = {isa = PBXFileReference; lastKnownFileType = sourcecode.c.h; path = AppDelegate.h; sourceTree = "<group>"; };
		6E8D503E1D1133B20012CD3B /* AppDelegate.m */ = {isa = PBXFileReference; lastKnownFileType = sourcecode.c.objc; path = AppDelegate.m; sourceTree = "<group>"; };
		6E8D50401D1133B20012CD3B /* ViewController.h */ = {isa = PBXFileReference; lastKnownFileType = sourcecode.c.h; path = ViewController.h; sourceTree = "<group>"; };
		6E8D50411D1133B20012CD3B /* ViewController.m */ = {isa = PBXFileReference; lastKnownFileType = sourcecode.c.objc; path = ViewController.m; sourceTree = "<group>"; };
		6E8D50441D1133B20012CD3B /* Base */ = {isa = PBXFileReference; lastKnownFileType = file.storyboard; name = Base; path = Base.lproj/Main.storyboard; sourceTree = "<group>"; };
		6E8D50461D1133B20012CD3B /* Assets.xcassets */ = {isa = PBXFileReference; lastKnownFileType = folder.assetcatalog; path = Assets.xcassets; sourceTree = "<group>"; };
		6E8D50491D1133B20012CD3B /* Base */ = {isa = PBXFileReference; lastKnownFileType = file.storyboard; name = Base; path = Base.lproj/LaunchScreen.storyboard; sourceTree = "<group>"; };
		6E8D504B1D1133B20012CD3B /* Info.plist */ = {isa = PBXFileReference; lastKnownFileType = text.plist.xml; path = Info.plist; sourceTree = "<group>"; };
		6E8D50511D1133D40012CD3B /* FirstViewController.h */ = {isa = PBXFileReference; fileEncoding = 4; lastKnownFileType = sourcecode.c.h; path = FirstViewController.h; sourceTree = "<group>"; };
		6E8D50521D1133D40012CD3B /* FirstViewController.m */ = {isa = PBXFileReference; fileEncoding = 4; lastKnownFileType = sourcecode.c.objc; path = FirstViewController.m; sourceTree = "<group>"; };
		6E8D50541D1133E70012CD3B /* SecondViewController.h */ = {isa = PBXFileReference; fileEncoding = 4; lastKnownFileType = sourcecode.c.h; path = SecondViewController.h; sourceTree = "<group>"; };
		6E8D50551D1133E70012CD3B /* SecondViewController.m */ = {isa = PBXFileReference; fileEncoding = 4; lastKnownFileType = sourcecode.c.objc; path = SecondViewController.m; sourceTree = "<group>"; };
		6E8D50571D1138160012CD3B /* TransitionAnimated.h */ = {isa = PBXFileReference; fileEncoding = 4; lastKnownFileType = sourcecode.c.h; path = TransitionAnimated.h; sourceTree = "<group>"; };
		6E8D50581D1138160012CD3B /* TransitionAnimated.m */ = {isa = PBXFileReference; fileEncoding = 4; lastKnownFileType = sourcecode.c.objc; path = TransitionAnimated.m; sourceTree = "<group>"; };
		6E8D505A1D113DC60012CD3B /* PushAnimated.h */ = {isa = PBXFileReference; fileEncoding = 4; lastKnownFileType = sourcecode.c.h; path = PushAnimated.h; sourceTree = "<group>"; };
		6E8D505B1D113DC60012CD3B /* PushAnimated.m */ = {isa = PBXFileReference; fileEncoding = 4; lastKnownFileType = sourcecode.c.objc; path = PushAnimated.m; sourceTree = "<group>"; };
		6E8D505D1D113DDE0012CD3B /* PopAnimated.h */ = {isa = PBXFileReference; fileEncoding = 4; lastKnownFileType = sourcecode.c.h; path = PopAnimated.h; sourceTree = "<group>"; };
		6E8D505E1D113DDE0012CD3B /* PopAnimated.m */ = {isa = PBXFileReference; fileEncoding = 4; lastKnownFileType = sourcecode.c.objc; path = PopAnimated.m; sourceTree = "<group>"; };
		6E8D50601D113E860012CD3B /* UIView+SetRect.h */ = {isa = PBXFileReference; fileEncoding = 4; lastKnownFileType = sourcecode.c.h; path = "UIView+SetRect.h"; sourceTree = "<group>"; };
		6E8D50611D113E860012CD3B /* UIView+SetRect.m */ = {isa = PBXFileReference; fileEncoding = 4; lastKnownFileType = sourcecode.c.objc; path = "UIView+SetRect.m"; sourceTree = "<group>"; };
		6E8D507F1D12803E0012CD3B /* GCDQueue.h */ = {isa = PBXFileReference; fileEncoding = 4; lastKnownFileType = sourcecode.c.h; path = GCDQueue.h; sourceTree = "<group>"; };
		6E8D50801D12803E0012CD3B /* GCDQueue.m */ = {isa = PBXFileReference; fileEncoding = 4; lastKnownFileType = sourcecode.c.objc; path = GCDQueue.m; sourceTree = "<group>"; };
		6E8D50881D12B1BF0012CD3B /* BaseViewController.h */ = {isa = PBXFileReference; fileEncoding = 4; lastKnownFileType = sourcecode.c.h; path = BaseViewController.h; sourceTree = "<group>"; };
		6E8D50891D12B1BF0012CD3B /* BaseViewController.m */ = {isa = PBXFileReference; fileEncoding = 4; lastKnownFileType = sourcecode.c.objc; path = BaseViewController.m; sourceTree = "<group>"; };
		6E8D508C1D12CAF20012CD3B /* POP.h */ = {isa = PBXFileReference; fileEncoding = 4; lastKnownFileType = sourcecode.c.h; path = POP.h; sourceTree = "<group>"; };
		6E8D508D1D12CAF20012CD3B /* POPAction.h */ = {isa = PBXFileReference; fileEncoding = 4; lastKnownFileType = sourcecode.c.h; path = POPAction.h; sourceTree = "<group>"; };
		6E8D508E1D12CAF20012CD3B /* POPAnimatableProperty.h */ = {isa = PBXFileReference; fileEncoding = 4; lastKnownFileType = sourcecode.c.h; path = POPAnimatableProperty.h; sourceTree = "<group>"; };
		6E8D508F1D12CAF20012CD3B /* POPAnimatableProperty.mm */ = {isa = PBXFileReference; fileEncoding = 4; lastKnownFileType = sourcecode.cpp.objcpp; path = POPAnimatableProperty.mm; sourceTree = "<group>"; };
		6E8D50901D12CAF20012CD3B /* POPAnimation.h */ = {isa = PBXFileReference; fileEncoding = 4; lastKnownFileType = sourcecode.c.h; path = POPAnimation.h; sourceTree = "<group>"; };
		6E8D50911D12CAF20012CD3B /* POPAnimation.mm */ = {isa = PBXFileReference; fileEncoding = 4; lastKnownFileType = sourcecode.cpp.objcpp; path = POPAnimation.mm; sourceTree = "<group>"; };
		6E8D50921D12CAF20012CD3B /* POPAnimationEvent.h */ = {isa = PBXFileReference; fileEncoding = 4; lastKnownFileType = sourcecode.c.h; path = POPAnimationEvent.h; sourceTree = "<group>"; };
		6E8D50931D12CAF20012CD3B /* POPAnimationEvent.mm */ = {isa = PBXFileReference; fileEncoding = 4; lastKnownFileType = sourcecode.cpp.objcpp; path = POPAnimationEvent.mm; sourceTree = "<group>"; };
		6E8D50941D12CAF20012CD3B /* POPAnimationEventInternal.h */ = {isa = PBXFileReference; fileEncoding = 4; lastKnownFileType = sourcecode.c.h; path = POPAnimationEventInternal.h; sourceTree = "<group>"; };
		6E8D50951D12CAF20012CD3B /* POPAnimationExtras.h */ = {isa = PBXFileReference; fileEncoding = 4; lastKnownFileType = sourcecode.c.h; path = POPAnimationExtras.h; sourceTree = "<group>"; };
		6E8D50961D12CAF20012CD3B /* POPAnimationExtras.mm */ = {isa = PBXFileReference; fileEncoding = 4; lastKnownFileType = sourcecode.cpp.objcpp; path = POPAnimationExtras.mm; sourceTree = "<group>"; };
		6E8D50971D12CAF20012CD3B /* POPAnimationInternal.h */ = {isa = PBXFileReference; fileEncoding = 4; lastKnownFileType = sourcecode.c.h; path = POPAnimationInternal.h; sourceTree = "<group>"; };
		6E8D50981D12CAF20012CD3B /* POPAnimationPrivate.h */ = {isa = PBXFileReference; fileEncoding = 4; lastKnownFileType = sourcecode.c.h; path = POPAnimationPrivate.h; sourceTree = "<group>"; };
		6E8D50991D12CAF20012CD3B /* POPAnimationRuntime.h */ = {isa = PBXFileReference; fileEncoding = 4; lastKnownFileType = sourcecode.c.h; path = POPAnimationRuntime.h; sourceTree = "<group>"; };
		6E8D509A1D12CAF20012CD3B /* POPAnimationRuntime.mm */ = {isa = PBXFileReference; fileEncoding = 4; lastKnownFileType = sourcecode.cpp.objcpp; path = POPAnimationRuntime.mm; sourceTree = "<group>"; };
		6E8D509B1D12CAF20012CD3B /* POPAnimationTracer.h */ = {isa = PBXFileReference; fileEncoding = 4; lastKnownFileType = sourcecode.c.h; path = POPAnimationTracer.h; sourceTree = "<group>"; };
		6E8D509C1D12CAF20012CD3B /* POPAnimationTracer.mm */ = {isa = PBXFileReference; fileEncoding = 4; lastKnownFileType = sourcecode.cpp.objcpp; path = POPAnimationTracer.mm; sourceTree = "<group>"; };
		6E8D509D1D12CAF20012CD3B /* POPAnimationTracerInternal.h */ = {isa = PBXFileReference; fileEncoding = 4; lastKnownFileType = sourcecode.c.h; path = POPAnimationTracerInternal.h; sourceTree = "<group>"; };
		6E8D509E1D12CAF20012CD3B /* POPAnimator.h */ = {isa = PBXFileReference; fileEncoding = 4; lastKnownFileType = sourcecode.c.h; path = POPAnimator.h; sourceTree = "<group>"; };
		6E8D509F1D12CAF20012CD3B /* POPAnimator.mm */ = {isa = PBXFileReference; fileEncoding = 4; lastKnownFileType = sourcecode.cpp.objcpp; path = POPAnimator.mm; sourceTree = "<group>"; };
		6E8D50A01D12CAF20012CD3B /* POPAnimatorPrivate.h */ = {isa = PBXFileReference; fileEncoding = 4; lastKnownFileType = sourcecode.c.h; path = POPAnimatorPrivate.h; sourceTree = "<group>"; };
		6E8D50A11D12CAF20012CD3B /* POPBasicAnimation.h */ = {isa = PBXFileReference; fileEncoding = 4; lastKnownFileType = sourcecode.c.h; path = POPBasicAnimation.h; sourceTree = "<group>"; };
		6E8D50A21D12CAF20012CD3B /* POPBasicAnimation.mm */ = {isa = PBXFileReference; fileEncoding = 4; lastKnownFileType = sourcecode.cpp.objcpp; path = POPBasicAnimation.mm; sourceTree = "<group>"; };
		6E8D50A31D12CAF20012CD3B /* POPBasicAnimationInternal.h */ = {isa = PBXFileReference; fileEncoding = 4; lastKnownFileType = sourcecode.c.h; path = POPBasicAnimationInternal.h; sourceTree = "<group>"; };
		6E8D50A41D12CAF20012CD3B /* POPCGUtils.h */ = {isa = PBXFileReference; fileEncoding = 4; lastKnownFileType = sourcecode.c.h; path = POPCGUtils.h; sourceTree = "<group>"; };
		6E8D50A51D12CAF20012CD3B /* POPCGUtils.mm */ = {isa = PBXFileReference; fileEncoding = 4; lastKnownFileType = sourcecode.cpp.objcpp; path = POPCGUtils.mm; sourceTree = "<group>"; };
		6E8D50A61D12CAF20012CD3B /* POPCustomAnimation.h */ = {isa = PBXFileReference; fileEncoding = 4; lastKnownFileType = sourcecode.c.h; path = POPCustomAnimation.h; sourceTree = "<group>"; };
		6E8D50A71D12CAF20012CD3B /* POPCustomAnimation.mm */ = {isa = PBXFileReference; fileEncoding = 4; lastKnownFileType = sourcecode.cpp.objcpp; path = POPCustomAnimation.mm; sourceTree = "<group>"; };
		6E8D50A81D12CAF20012CD3B /* POPDecayAnimation.h */ = {isa = PBXFileReference; fileEncoding = 4; lastKnownFileType = sourcecode.c.h; path = POPDecayAnimation.h; sourceTree = "<group>"; };
		6E8D50A91D12CAF20012CD3B /* POPDecayAnimation.mm */ = {isa = PBXFileReference; fileEncoding = 4; lastKnownFileType = sourcecode.cpp.objcpp; path = POPDecayAnimation.mm; sourceTree = "<group>"; };
		6E8D50AA1D12CAF20012CD3B /* POPDecayAnimationInternal.h */ = {isa = PBXFileReference; fileEncoding = 4; lastKnownFileType = sourcecode.c.h; path = POPDecayAnimationInternal.h; sourceTree = "<group>"; };
		6E8D50AB1D12CAF20012CD3B /* POPDefines.h */ = {isa = PBXFileReference; fileEncoding = 4; lastKnownFileType = sourcecode.c.h; path = POPDefines.h; sourceTree = "<group>"; };
		6E8D50AC1D12CAF20012CD3B /* POPGeometry.h */ = {isa = PBXFileReference; fileEncoding = 4; lastKnownFileType = sourcecode.c.h; path = POPGeometry.h; sourceTree = "<group>"; };
		6E8D50AD1D12CAF20012CD3B /* POPGeometry.mm */ = {isa = PBXFileReference; fileEncoding = 4; lastKnownFileType = sourcecode.cpp.objcpp; path = POPGeometry.mm; sourceTree = "<group>"; };
		6E8D50AE1D12CAF20012CD3B /* POPLayerExtras.h */ = {isa = PBXFileReference; fileEncoding = 4; lastKnownFileType = sourcecode.c.h; path = POPLayerExtras.h; sourceTree = "<group>"; };
		6E8D50AF1D12CAF20012CD3B /* POPLayerExtras.mm */ = {isa = PBXFileReference; fileEncoding = 4; lastKnownFileType = sourcecode.cpp.objcpp; path = POPLayerExtras.mm; sourceTree = "<group>"; };
		6E8D50B01D12CAF20012CD3B /* POPMath.h */ = {isa = PBXFileReference; fileEncoding = 4; lastKnownFileType = sourcecode.c.h; path = POPMath.h; sourceTree = "<group>"; };
		6E8D50B11D12CAF20012CD3B /* POPMath.mm */ = {isa = PBXFileReference; fileEncoding = 4; lastKnownFileType = sourcecode.cpp.objcpp; path = POPMath.mm; sourceTree = "<group>"; };
		6E8D50B21D12CAF20012CD3B /* POPPropertyAnimation.h */ = {isa = PBXFileReference; fileEncoding = 4; lastKnownFileType = sourcecode.c.h; path = POPPropertyAnimation.h; sourceTree = "<group>"; };
		6E8D50B31D12CAF20012CD3B /* POPPropertyAnimation.mm */ = {isa = PBXFileReference; fileEncoding = 4; lastKnownFileType = sourcecode.cpp.objcpp; path = POPPropertyAnimation.mm; sourceTree = "<group>"; };
		6E8D50B41D12CAF20012CD3B /* POPPropertyAnimationInternal.h */ = {isa = PBXFileReference; fileEncoding = 4; lastKnownFileType = sourcecode.c.h; path = POPPropertyAnimationInternal.h; sourceTree = "<group>"; };
		6E8D50B51D12CAF20012CD3B /* POPSpringAnimation.h */ = {isa = PBXFileReference; fileEncoding = 4; lastKnownFileType = sourcecode.c.h; path = POPSpringAnimation.h; sourceTree = "<group>"; };
		6E8D50B61D12CAF20012CD3B /* POPSpringAnimation.mm */ = {isa = PBXFileReference; fileEncoding = 4; lastKnownFileType = sourcecode.cpp.objcpp; path = POPSpringAnimation.mm; sourceTree = "<group>"; };
		6E8D50B71D12CAF20012CD3B /* POPSpringAnimationInternal.h */ = {isa = PBXFileReference; fileEncoding = 4; lastKnownFileType = sourcecode.c.h; path = POPSpringAnimationInternal.h; sourceTree = "<group>"; };
		6E8D50B81D12CAF20012CD3B /* POPSpringSolver.h */ = {isa = PBXFileReference; fileEncoding = 4; lastKnownFileType = sourcecode.c.h; path = POPSpringSolver.h; sourceTree = "<group>"; };
		6E8D50B91D12CAF20012CD3B /* POPVector.h */ = {isa = PBXFileReference; fileEncoding = 4; lastKnownFileType = sourcecode.c.h; path = POPVector.h; sourceTree = "<group>"; };
		6E8D50BA1D12CAF20012CD3B /* POPVector.mm */ = {isa = PBXFileReference; fileEncoding = 4; lastKnownFileType = sourcecode.cpp.objcpp; path = POPVector.mm; sourceTree = "<group>"; };
		6E8D50BC1D12CAF20012CD3B /* FloatConversion.h */ = {isa = PBXFileReference; fileEncoding = 4; lastKnownFileType = sourcecode.c.h; path = FloatConversion.h; sourceTree = "<group>"; };
		6E8D50BD1D12CAF20012CD3B /* TransformationMatrix.cpp */ = {isa = PBXFileReference; fileEncoding = 4; lastKnownFileType = sourcecode.cpp.cpp; path = TransformationMatrix.cpp; sourceTree = "<group>"; };
		6E8D50BE1D12CAF20012CD3B /* TransformationMatrix.h */ = {isa = PBXFileReference; fileEncoding = 4; lastKnownFileType = sourcecode.c.h; path = TransformationMatrix.h; sourceTree = "<group>"; };
		6E8D50BF1D12CAF20012CD3B /* UnitBezier.h */ = {isa = PBXFileReference; fileEncoding = 4; lastKnownFileType = sourcecode.c.h; path = UnitBezier.h; sourceTree = "<group>"; };
		6E8D50D21D12CF9D0012CD3B /* CustomCell.h */ = {isa = PBXFileReference; fileEncoding = 4; lastKnownFileType = sourcecode.c.h; path = CustomCell.h; sourceTree = "<group>"; };
		6E8D50D31D12CF9D0012CD3B /* CustomCell.m */ = {isa = PBXFileReference; fileEncoding = 4; lastKnownFileType = sourcecode.c.objc; path = CustomCell.m; sourceTree = "<group>"; };
		6E8D50D51D1387530012CD3B /* ListItemCell.h */ = {isa = PBXFileReference; fileEncoding = 4; lastKnownFileType = sourcecode.c.h; path = ListItemCell.h; sourceTree = "<group>"; };
		6E8D50D61D1387530012CD3B /* ListItemCell.m */ = {isa = PBXFileReference; fileEncoding = 4; lastKnownFileType = sourcecode.c.objc; path = ListItemCell.m; sourceTree = "<group>"; };
		6E8D50DA1D13BBCE0012CD3B /* SpringScaleViewController.h */ = {isa = PBXFileReference; fileEncoding = 4; lastKnownFileType = sourcecode.c.h; path = SpringScaleViewController.h; sourceTree = "<group>"; };
		6E8D50DB1D13BBCE0012CD3B /* SpringScaleViewController.m */ = {isa = PBXFileReference; fileEncoding = 4; lastKnownFileType = sourcecode.c.objc; path = SpringScaleViewController.m; sourceTree = "<group>"; };
		6E8D50DE1D13BE3E0012CD3B /* UIFont+Fonts.h */ = {isa = PBXFileReference; fileEncoding = 4; lastKnownFileType = sourcecode.c.h; path = "UIFont+Fonts.h"; sourceTree = "<group>"; };
		6E8D50DF1D13BE3E0012CD3B /* UIFont+Fonts.m */ = {isa = PBXFileReference; fileEncoding = 4; lastKnownFileType = sourcecode.c.objc; path = "UIFont+Fonts.m"; sourceTree = "<group>"; };
		6E8D50E11D1500AE0012CD3B /* ScrollViewAnimationController.h */ = {isa = PBXFileReference; fileEncoding = 4; lastKnownFileType = sourcecode.c.h; path = ScrollViewAnimationController.h; sourceTree = "<group>"; };
		6E8D50E21D1500AE0012CD3B /* ScrollViewAnimationController.m */ = {isa = PBXFileReference; fileEncoding = 4; lastKnownFileType = sourcecode.c.objc; path = ScrollViewAnimationController.m; sourceTree = "<group>"; };
		6E8D50E51D1509A70012CD3B /* 1.png */ = {isa = PBXFileReference; lastKnownFileType = image.png; path = 1.png; sourceTree = "<group>"; };
		6E8D50E71D1509A70012CD3B /* 2.png */ = {isa = PBXFileReference; lastKnownFileType = image.png; path = 2.png; sourceTree = "<group>"; };
		6E8D50EE1D156F800012CD3B /* ScrollViewComputingAlphaValue.h */ = {isa = PBXFileReference; fileEncoding = 4; lastKnownFileType = sourcecode.c.h; path = ScrollViewComputingAlphaValue.h; sourceTree = "<group>"; };
		6E8D50EF1D156F800012CD3B /* ScrollViewComputingAlphaValue.m */ = {isa = PBXFileReference; fileEncoding = 4; lastKnownFileType = sourcecode.c.objc; path = ScrollViewComputingAlphaValue.m; sourceTree = "<group>"; };
		6E8D50F21D1571300012CD3B /* Math.h */ = {isa = PBXFileReference; fileEncoding = 4; lastKnownFileType = sourcecode.c.h; path = Math.h; sourceTree = "<group>"; };
		6E8D50F31D1571300012CD3B /* Math.m */ = {isa = PBXFileReference; fileEncoding = 4; lastKnownFileType = sourcecode.c.objc; path = Math.m; sourceTree = "<group>"; };
		6E8D50F51D1583820012CD3B /* 0.png */ = {isa = PBXFileReference; lastKnownFileType = image.png; path = 0.png; sourceTree = "<group>"; };
		6E8D50F71D15B8810012CD3B /* InfiniteLoopViewController.h */ = {isa = PBXFileReference; fileEncoding = 4; lastKnownFileType = sourcecode.c.h; path = InfiniteLoopViewController.h; sourceTree = "<group>"; };
		6E8D50F81D15B8810012CD3B /* InfiniteLoopViewController.m */ = {isa = PBXFileReference; fileEncoding = 4; lastKnownFileType = sourcecode.c.objc; path = InfiniteLoopViewController.m; sourceTree = "<group>"; };
		6E8D50FE1D1646F60012CD3B /* InfiniteLoopViewBuilder.h */ = {isa = PBXFileReference; fileEncoding = 4; lastKnownFileType = sourcecode.c.h; path = InfiniteLoopViewBuilder.h; sourceTree = "<group>"; };
		6E8D50FF1D1646F60012CD3B /* InfiniteLoopViewBuilder.m */ = {isa = PBXFileReference; fileEncoding = 4; lastKnownFileType = sourcecode.c.objc; path = InfiniteLoopViewBuilder.m; sourceTree = "<group>"; };
		6E8D51011D164A680012CD3B /* InfiniteLoopView.h */ = {isa = PBXFileReference; fileEncoding = 4; lastKnownFileType = sourcecode.c.h; path = InfiniteLoopView.h; sourceTree = "<group>"; };
		6E8D51021D164A680012CD3B /* InfiniteLoopView.m */ = {isa = PBXFileReference; fileEncoding = 4; lastKnownFileType = sourcecode.c.objc; path = InfiniteLoopView.m; sourceTree = "<group>"; };
		6E8D51051D1665010012CD3B /* CustomInfiniteLoopViewCell.h */ = {isa = PBXFileReference; fileEncoding = 4; lastKnownFileType = sourcecode.c.h; path = CustomInfiniteLoopViewCell.h; sourceTree = "<group>"; };
		6E8D51061D1665010012CD3B /* CustomInfiniteLoopViewCell.m */ = {isa = PBXFileReference; fileEncoding = 4; lastKnownFileType = sourcecode.c.objc; path = CustomInfiniteLoopViewCell.m; sourceTree = "<group>"; };
		6E8D51081D1665A80012CD3B /* InfiniteLoopViewProtocol.h */ = {isa = PBXFileReference; fileEncoding = 4; lastKnownFileType = sourcecode.c.h; path = InfiniteLoopViewProtocol.h; sourceTree = "<group>"; };
		6E8D51091D1689780012CD3B /* LoopViewCell.h */ = {isa = PBXFileReference; fileEncoding = 4; lastKnownFileType = sourcecode.c.h; path = LoopViewCell.h; sourceTree = "<group>"; };
		6E8D510A1D1689780012CD3B /* LoopViewCell.m */ = {isa = PBXFileReference; fileEncoding = 4; lastKnownFileType = sourcecode.c.objc; path = LoopViewCell.m; sourceTree = "<group>"; };
		6E8D510D1D168C030012CD3B /* ImageModel.h */ = {isa = PBXFileReference; fileEncoding = 4; lastKnownFileType = sourcecode.c.h; path = ImageModel.h; sourceTree = "<group>"; };
		6E8D510E1D168C030012CD3B /* ImageModel.m */ = {isa = PBXFileReference; fileEncoding = 4; lastKnownFileType = sourcecode.c.objc; path = ImageModel.m; sourceTree = "<group>"; };
		6E8D51121D16D4D20012CD3B /* MKAnnotationView+WebCache.h */ = {isa = PBXFileReference; fileEncoding = 4; lastKnownFileType = sourcecode.c.h; path = "MKAnnotationView+WebCache.h"; sourceTree = "<group>"; };
		6E8D51131D16D4D20012CD3B /* MKAnnotationView+WebCache.m */ = {isa = PBXFileReference; fileEncoding = 4; lastKnownFileType = sourcecode.c.objc; path = "MKAnnotationView+WebCache.m"; sourceTree = "<group>"; };
		6E8D51141D16D4D20012CD3B /* NSData+ImageContentType.h */ = {isa = PBXFileReference; fileEncoding = 4; lastKnownFileType = sourcecode.c.h; path = "NSData+ImageContentType.h"; sourceTree = "<group>"; };
		6E8D51151D16D4D20012CD3B /* NSData+ImageContentType.m */ = {isa = PBXFileReference; fileEncoding = 4; lastKnownFileType = sourcecode.c.objc; path = "NSData+ImageContentType.m"; sourceTree = "<group>"; };
		6E8D51161D16D4D20012CD3B /* SDImageCache.h */ = {isa = PBXFileReference; fileEncoding = 4; lastKnownFileType = sourcecode.c.h; path = SDImageCache.h; sourceTree = "<group>"; };
		6E8D51171D16D4D20012CD3B /* SDImageCache.m */ = {isa = PBXFileReference; fileEncoding = 4; lastKnownFileType = sourcecode.c.objc; path = SDImageCache.m; sourceTree = "<group>"; };
		6E8D51181D16D4D20012CD3B /* SDWebImageCompat.h */ = {isa = PBXFileReference; fileEncoding = 4; lastKnownFileType = sourcecode.c.h; path = SDWebImageCompat.h; sourceTree = "<group>"; };
		6E8D51191D16D4D20012CD3B /* SDWebImageCompat.m */ = {isa = PBXFileReference; fileEncoding = 4; lastKnownFileType = sourcecode.c.objc; path = SDWebImageCompat.m; sourceTree = "<group>"; };
		6E8D511A1D16D4D20012CD3B /* SDWebImageDecoder.h */ = {isa = PBXFileReference; fileEncoding = 4; lastKnownFileType = sourcecode.c.h; path = SDWebImageDecoder.h; sourceTree = "<group>"; };
		6E8D511B1D16D4D20012CD3B /* SDWebImageDecoder.m */ = {isa = PBXFileReference; fileEncoding = 4; lastKnownFileType = sourcecode.c.objc; path = SDWebImageDecoder.m; sourceTree = "<group>"; };
		6E8D511C1D16D4D20012CD3B /* SDWebImageDownloader.h */ = {isa = PBXFileReference; fileEncoding = 4; lastKnownFileType = sourcecode.c.h; path = SDWebImageDownloader.h; sourceTree = "<group>"; };
		6E8D511D1D16D4D20012CD3B /* SDWebImageDownloader.m */ = {isa = PBXFileReference; fileEncoding = 4; lastKnownFileType = sourcecode.c.objc; path = SDWebImageDownloader.m; sourceTree = "<group>"; };
		6E8D511E1D16D4D20012CD3B /* SDWebImageDownloaderOperation.h */ = {isa = PBXFileReference; fileEncoding = 4; lastKnownFileType = sourcecode.c.h; path = SDWebImageDownloaderOperation.h; sourceTree = "<group>"; };
		6E8D511F1D16D4D20012CD3B /* SDWebImageDownloaderOperation.m */ = {isa = PBXFileReference; fileEncoding = 4; lastKnownFileType = sourcecode.c.objc; path = SDWebImageDownloaderOperation.m; sourceTree = "<group>"; };
		6E8D51201D16D4D20012CD3B /* SDWebImageManager.h */ = {isa = PBXFileReference; fileEncoding = 4; lastKnownFileType = sourcecode.c.h; path = SDWebImageManager.h; sourceTree = "<group>"; };
		6E8D51211D16D4D20012CD3B /* SDWebImageManager.m */ = {isa = PBXFileReference; fileEncoding = 4; lastKnownFileType = sourcecode.c.objc; path = SDWebImageManager.m; sourceTree = "<group>"; };
		6E8D51221D16D4D20012CD3B /* SDWebImageOperation.h */ = {isa = PBXFileReference; fileEncoding = 4; lastKnownFileType = sourcecode.c.h; path = SDWebImageOperation.h; sourceTree = "<group>"; };
		6E8D51231D16D4D20012CD3B /* SDWebImagePrefetcher.h */ = {isa = PBXFileReference; fileEncoding = 4; lastKnownFileType = sourcecode.c.h; path = SDWebImagePrefetcher.h; sourceTree = "<group>"; };
		6E8D51241D16D4D20012CD3B /* SDWebImagePrefetcher.m */ = {isa = PBXFileReference; fileEncoding = 4; lastKnownFileType = sourcecode.c.objc; path = SDWebImagePrefetcher.m; sourceTree = "<group>"; };
		6E8D51251D16D4D20012CD3B /* UIButton+WebCache.h */ = {isa = PBXFileReference; fileEncoding = 4; lastKnownFileType = sourcecode.c.h; path = "UIButton+WebCache.h"; sourceTree = "<group>"; };
		6E8D51261D16D4D20012CD3B /* UIButton+WebCache.m */ = {isa = PBXFileReference; fileEncoding = 4; lastKnownFileType = sourcecode.c.objc; path = "UIButton+WebCache.m"; sourceTree = "<group>"; };
		6E8D51271D16D4D20012CD3B /* UIImage+GIF.h */ = {isa = PBXFileReference; fileEncoding = 4; lastKnownFileType = sourcecode.c.h; path = "UIImage+GIF.h"; sourceTree = "<group>"; };
		6E8D51281D16D4D20012CD3B /* UIImage+GIF.m */ = {isa = PBXFileReference; fileEncoding = 4; lastKnownFileType = sourcecode.c.objc; path = "UIImage+GIF.m"; sourceTree = "<group>"; };
		6E8D51291D16D4D20012CD3B /* UIImage+MultiFormat.h */ = {isa = PBXFileReference; fileEncoding = 4; lastKnownFileType = sourcecode.c.h; path = "UIImage+MultiFormat.h"; sourceTree = "<group>"; };
		6E8D512A1D16D4D20012CD3B /* UIImage+MultiFormat.m */ = {isa = PBXFileReference; fileEncoding = 4; lastKnownFileType = sourcecode.c.objc; path = "UIImage+MultiFormat.m"; sourceTree = "<group>"; };
		6E8D512B1D16D4D20012CD3B /* UIImage+WebP.h */ = {isa = PBXFileReference; fileEncoding = 4; lastKnownFileType = sourcecode.c.h; path = "UIImage+WebP.h"; sourceTree = "<group>"; };
		6E8D512C1D16D4D20012CD3B /* UIImage+WebP.m */ = {isa = PBXFileReference; fileEncoding = 4; lastKnownFileType = sourcecode.c.objc; path = "UIImage+WebP.m"; sourceTree = "<group>"; };
		6E8D512D1D16D4D20012CD3B /* UIImageView+HighlightedWebCache.h */ = {isa = PBXFileReference; fileEncoding = 4; lastKnownFileType = sourcecode.c.h; path = "UIImageView+HighlightedWebCache.h"; sourceTree = "<group>"; };
		6E8D512E1D16D4D20012CD3B /* UIImageView+HighlightedWebCache.m */ = {isa = PBXFileReference; fileEncoding = 4; lastKnownFileType = sourcecode.c.objc; path = "UIImageView+HighlightedWebCache.m"; sourceTree = "<group>"; };
		6E8D512F1D16D4D20012CD3B /* UIImageView+WebCache.h */ = {isa = PBXFileReference; fileEncoding = 4; lastKnownFileType = sourcecode.c.h; path = "UIImageView+WebCache.h"; sourceTree = "<group>"; };
		6E8D51301D16D4D20012CD3B /* UIImageView+WebCache.m */ = {isa = PBXFileReference; fileEncoding = 4; lastKnownFileType = sourcecode.c.objc; path = "UIImageView+WebCache.m"; sourceTree = "<group>"; };
		6E8D51311D16D4D20012CD3B /* UIView+WebCacheOperation.h */ = {isa = PBXFileReference; fileEncoding = 4; lastKnownFileType = sourcecode.c.h; path = "UIView+WebCacheOperation.h"; sourceTree = "<group>"; };
		6E8D51321D16D4D20012CD3B /* UIView+WebCacheOperation.m */ = {isa = PBXFileReference; fileEncoding = 4; lastKnownFileType = sourcecode.c.objc; path = "UIView+WebCacheOperation.m"; sourceTree = "<group>"; };
		6EADB9941D18DDAC0043419D /* ScrollParallax ViewController.h */ = {isa = PBXFileReference; fileEncoding = 4; lastKnownFileType = sourcecode.c.h; path = "ScrollParallax ViewController.h"; sourceTree = "<group>"; };
		6EADB9951D18DDAC0043419D /* ScrollParallax ViewController.m */ = {isa = PBXFileReference; fileEncoding = 4; lastKnownFileType = sourcecode.c.objc; path = "ScrollParallax ViewController.m"; sourceTree = "<group>"; };
		6EADB9971D18E01E0043419D /* 3.png */ = {isa = PBXFileReference; lastKnownFileType = image.png; path = 3.png; sourceTree = "<group>"; };
		6EADB99A1D18E1920043419D /* MoreInfoView.h */ = {isa = PBXFileReference; fileEncoding = 4; lastKnownFileType = sourcecode.c.h; path = MoreInfoView.h; sourceTree = "<group>"; };
		6EADB99B1D18E1920043419D /* MoreInfoView.m */ = {isa = PBXFileReference; fileEncoding = 4; lastKnownFileType = sourcecode.c.objc; path = MoreInfoView.m; sourceTree = "<group>"; };
		6EADB99E1D1934070043419D /* CalculatorMaker.h */ = {isa = PBXFileReference; fileEncoding = 4; lastKnownFileType = sourcecode.c.h; path = CalculatorMaker.h; sourceTree = "<group>"; };
		6EADB99F1D1934070043419D /* CalculatorMaker.m */ = {isa = PBXFileReference; fileEncoding = 4; lastKnownFileType = sourcecode.c.objc; path = CalculatorMaker.m; sourceTree = "<group>"; };
		6EADB9A11D193DE90043419D /* NSObject+Calculator.h */ = {isa = PBXFileReference; fileEncoding = 4; lastKnownFileType = sourcecode.c.h; path = "NSObject+Calculator.h"; sourceTree = "<group>"; };
		6EADB9A21D193DE90043419D /* NSObject+Calculator.m */ = {isa = PBXFileReference; fileEncoding = 4; lastKnownFileType = sourcecode.c.objc; path = "NSObject+Calculator.m"; sourceTree = "<group>"; };
		6EADB9A41D1A443F0043419D /* CalculatorManger.h */ = {isa = PBXFileReference; fileEncoding = 4; lastKnownFileType = sourcecode.c.h; path = CalculatorManger.h; sourceTree = "<group>"; };
		6EADB9A51D1A443F0043419D /* CalculatorManger.m */ = {isa = PBXFileReference; fileEncoding = 4; lastKnownFileType = sourcecode.c.objc; path = CalculatorManger.m; sourceTree = "<group>"; };
		6EADB9AA1D1A48AA0043419D /* NSObject+Manger.h */ = {isa = PBXFileReference; fileEncoding = 4; lastKnownFileType = sourcecode.c.h; path = "NSObject+Manger.h"; sourceTree = "<group>"; };
		6EADB9AB1D1A48AA0043419D /* NSObject+Manger.m */ = {isa = PBXFileReference; fileEncoding = 4; lastKnownFileType = sourcecode.c.objc; path = "NSObject+Manger.m"; sourceTree = "<group>"; };
		6EADB9AD1D1A69090043419D /* Person.h */ = {isa = PBXFileReference; fileEncoding = 4; lastKnownFileType = sourcecode.c.h; path = Person.h; sourceTree = "<group>"; };
		6EADB9AE1D1A69090043419D /* Person.m */ = {isa = PBXFileReference; fileEncoding = 4; lastKnownFileType = sourcecode.c.objc; path = Person.m; sourceTree = "<group>"; };
		6EADB9B11D1A6B6A0043419D /* NSObject+KVO.h */ = {isa = PBXFileReference; fileEncoding = 4; lastKnownFileType = sourcecode.c.h; path = "NSObject+KVO.h"; sourceTree = "<group>"; };
		6EADB9B21D1A6B6A0043419D /* NSObject+KVO.m */ = {isa = PBXFileReference; fileEncoding = 4; lastKnownFileType = sourcecode.c.objc; path = "NSObject+KVO.m"; sourceTree = "<group>"; };
		6EADB9B41D1A6D790043419D /* LDCKVONotifiyingPerson.h */ = {isa = PBXFileReference; fileEncoding = 4; lastKnownFileType = sourcecode.c.h; path = LDCKVONotifiyingPerson.h; sourceTree = "<group>"; };
		6EADB9B51D1A6D790043419D /* LDCKVONotifiyingPerson.m */ = {isa = PBXFileReference; fileEncoding = 4; lastKnownFileType = sourcecode.c.objc; path = LDCKVONotifiyingPerson.m; sourceTree = "<group>"; };
		6EADB9B81D1A801F0043419D /* Calculator.h */ = {isa = PBXFileReference; fileEncoding = 4; lastKnownFileType = sourcecode.c.h; path = Calculator.h; sourceTree = "<group>"; };
		6EADB9B91D1A801F0043419D /* Calculator.m */ = {isa = PBXFileReference; fileEncoding = 4; lastKnownFileType = sourcecode.c.objc; path = Calculator.m; sourceTree = "<group>"; };
		6EB41A271D1D13C100C32DA7 /* LDCBaseNavigationController.h */ = {isa = PBXFileReference; fileEncoding = 4; lastKnownFileType = sourcecode.c.h; name = LDCBaseNavigationController.h; path = ../LDCBaseNavigationController.h; sourceTree = "<group>"; };
		6EB41A281D1D13C100C32DA7 /* LDCBaseNavigationController.m */ = {isa = PBXFileReference; fileEncoding = 4; lastKnownFileType = sourcecode.c.objc; name = LDCBaseNavigationController.m; path = ../LDCBaseNavigationController.m; sourceTree = "<group>"; };
		6EB41A2A1D1D19AA00C32DA7 /* LDCPch.h */ = {isa = PBXFileReference; lastKnownFileType = sourcecode.c.h; name = LDCPch.h; path = ../LDCPch.h; sourceTree = "<group>"; };
		6EB41A2B1D1D382F00C32DA7 /* UIBarButtonItem+LDC.h */ = {isa = PBXFileReference; fileEncoding = 4; lastKnownFileType = sourcecode.c.h; path = "UIBarButtonItem+LDC.h"; sourceTree = "<group>"; };
		6EB41A2C1D1D382F00C32DA7 /* UIBarButtonItem+LDC.m */ = {isa = PBXFileReference; fileEncoding = 4; lastKnownFileType = sourcecode.c.objc; path = "UIBarButtonItem+LDC.m"; sourceTree = "<group>"; };
		6EB41A2E1D1E498900C32DA7 /* LDCTabBarController.h */ = {isa = PBXFileReference; fileEncoding = 4; lastKnownFileType = sourcecode.c.h; path = LDCTabBarController.h; sourceTree = "<group>"; };
		6EB41A2F1D1E498900C32DA7 /* LDCTabBarController.m */ = {isa = PBXFileReference; fileEncoding = 4; lastKnownFileType = sourcecode.c.objc; path = LDCTabBarController.m; sourceTree = "<group>"; };
		6EB41A341D1E4E4200C32DA7 /* UIImage+LDC.h */ = {isa = PBXFileReference; fileEncoding = 4; lastKnownFileType = sourcecode.c.h; path = "UIImage+LDC.h"; sourceTree = "<group>"; };
		6EB41A351D1E4E4200C32DA7 /* UIImage+LDC.m */ = {isa = PBXFileReference; fileEncoding = 4; lastKnownFileType = sourcecode.c.objc; path = "UIImage+LDC.m"; sourceTree = "<group>"; };
		6EDE18E71D1E9F5700DA552F /* LDCTabBar.h */ = {isa = PBXFileReference; fileEncoding = 4; lastKnownFileType = sourcecode.c.h; path = LDCTabBar.h; sourceTree = "<group>"; };
		6EDE18E81D1E9F5700DA552F /* LDCTabBar.m */ = {isa = PBXFileReference; fileEncoding = 4; lastKnownFileType = sourcecode.c.objc; path = LDCTabBar.m; sourceTree = "<group>"; };
		6EDE18EB1D1EA24300DA552F /* LDCEssenceViewController.h */ = {isa = PBXFileReference; fileEncoding = 4; lastKnownFileType = sourcecode.c.h; path = LDCEssenceViewController.h; sourceTree = "<group>"; };
		6EDE18EC1D1EA24300DA552F /* LDCEssenceViewController.m */ = {isa = PBXFileReference; fileEncoding = 4; lastKnownFileType = sourcecode.c.objc; path = LDCEssenceViewController.m; sourceTree = "<group>"; };
		6EDE18EE1D1EA28400DA552F /* LDCNewViewController.h */ = {isa = PBXFileReference; fileEncoding = 4; lastKnownFileType = sourcecode.c.h; path = LDCNewViewController.h; sourceTree = "<group>"; };
		6EDE18EF1D1EA28400DA552F /* LDCNewViewController.m */ = {isa = PBXFileReference; fileEncoding = 4; lastKnownFileType = sourcecode.c.objc; path = LDCNewViewController.m; sourceTree = "<group>"; };
		6EDE18F11D1EA2B800DA552F /* LDCAttentionViewController.h */ = {isa = PBXFileReference; fileEncoding = 4; lastKnownFileType = sourcecode.c.h; path = LDCAttentionViewController.h; sourceTree = "<group>"; };
		6EDE18F21D1EA2B900DA552F /* LDCAttentionViewController.m */ = {isa = PBXFileReference; fileEncoding = 4; lastKnownFileType = sourcecode.c.objc; path = LDCAttentionViewController.m; sourceTree = "<group>"; };
		6EDE18F41D1EA2DF00DA552F /* LDCMineViewController.h */ = {isa = PBXFileReference; fileEncoding = 4; lastKnownFileType = sourcecode.c.h; path = LDCMineViewController.h; sourceTree = "<group>"; };
		6EDE18F51D1EA2DF00DA552F /* LDCMineViewController.m */ = {isa = PBXFileReference; fileEncoding = 4; lastKnownFileType = sourcecode.c.objc; path = LDCMineViewController.m; sourceTree = "<group>"; };
		6EDE18FB1D1F9A1500DA552F /* LDCEssenceDetailViewController.h */ = {isa = PBXFileReference; fileEncoding = 4; lastKnownFileType = sourcecode.c.h; path = LDCEssenceDetailViewController.h; sourceTree = "<group>"; };
		6EDE18FC1D1F9A1500DA552F /* LDCEssenceDetailViewController.m */ = {isa = PBXFileReference; fileEncoding = 4; lastKnownFileType = sourcecode.c.objc; path = LDCEssenceDetailViewController.m; sourceTree = "<group>"; };
		6EDE18FF1D1FDC5200DA552F /* LDCNewDetailViewController.h */ = {isa = PBXFileReference; fileEncoding = 4; lastKnownFileType = sourcecode.c.h; path = LDCNewDetailViewController.h; sourceTree = "<group>"; };
		6EDE19001D1FDC5200DA552F /* LDCNewDetailViewController.m */ = {isa = PBXFileReference; fileEncoding = 4; lastKnownFileType = sourcecode.c.objc; path = LDCNewDetailViewController.m; sourceTree = "<group>"; };
/* End PBXFileReference section */

/* Begin PBXFrameworksBuildPhase section */
		6E8D50341D1133B20012CD3B /* Frameworks */ = {
			isa = PBXFrameworksBuildPhase;
			buildActionMask = 2147483647;
			files = (
			);
			runOnlyForDeploymentPostprocessing = 0;
		};
/* End PBXFrameworksBuildPhase section */

/* Begin PBXGroup section */
		6E34868A1D20EC19001B9337 /* 关注 */ = {
			isa = PBXGroup;
			children = (
				6E34868D1D20EC3E001B9337 /* View */,
				6E34868C1D20EC35001B9337 /* Model */,
				6E34868B1D20EC26001B9337 /* ViewController */,
			);
			name = "关注";
			sourceTree = "<group>";
		};
		6E34868B1D20EC26001B9337 /* ViewController */ = {
			isa = PBXGroup;
			children = (
				6EDE18F11D1EA2B800DA552F /* LDCAttentionViewController.h */,
				6EDE18F21D1EA2B900DA552F /* LDCAttentionViewController.m */,
				6E34868E1D20EC99001B9337 /* LDCRecommendViewController.h */,
				6E34868F1D20EC99001B9337 /* LDCRecommendViewController.m */,
				6E3486931D22300B001B9337 /* LDCRecommendViewController.xib */,
			);
			name = ViewController;
			sourceTree = "<group>";
		};
		6E34868C1D20EC35001B9337 /* Model */ = {
			isa = PBXGroup;
			children = (
			);
			name = Model;
			sourceTree = "<group>";
		};
		6E34868D1D20EC3E001B9337 /* View */ = {
			isa = PBXGroup;
			children = (
			);
			name = View;
			sourceTree = "<group>";
		};
		6E8D502E1D1133B20012CD3B = {
			isa = PBXGroup;
			children = (
				6E8D50391D1133B20012CD3B /* 自定义视图控制器切换 */,
				6E8D50381D1133B20012CD3B /* Products */,
			);
			sourceTree = "<group>";
		};
		6E8D50381D1133B20012CD3B /* Products */ = {
			isa = PBXGroup;
			children = (
				6E8D50371D1133B20012CD3B /* 自定义视图控制器切换.app */,
			);
			name = Products;
			sourceTree = "<group>";
		};
		6E8D50391D1133B20012CD3B /* 自定义视图控制器切换 */ = {
			isa = PBXGroup;
			children = (
				6EDE18EA1D1EA1CF00DA552F /* ViewControllers */,
				6EB41A251D1D134B00C32DA7 /* Base */,
				6EADB9991D18E16F0043419D /* View */,
				6E8D51101D16D47E0012CD3B /* ThirdParty */,
				6E8D510C1D168BE50012CD3B /* Models */,
				6E8D51041D1664B50012CD3B /* Cell */,
				6E8D50F11D1571120012CD3B /* Math */,
				6E8D50ED1D156F420012CD3B /* ScrollViewComputing */,
				6E8D50E41D1509A70012CD3B /* Picture */,
				6E8D50DD1D13BCD40012CD3B /* BaseVC */,
				6E8D50D91D13BB9A0012CD3B /* ViewControllerss */,
				6E8D50D81D13BB780012CD3B /* UICategory */,
				6E8D508B1D12CAF20012CD3B /* pop */,
				6E8D507E1D127FEB0012CD3B /* GCD */,
				6E8D503D1D1133B20012CD3B /* AppDelegate.h */,
				6E8D503E1D1133B20012CD3B /* AppDelegate.m */,
				6E8D50511D1133D40012CD3B /* FirstViewController.h */,
				6E8D50521D1133D40012CD3B /* FirstViewController.m */,
				6E8D50D21D12CF9D0012CD3B /* CustomCell.h */,
				6E8D50D31D12CF9D0012CD3B /* CustomCell.m */,
				6E8D50D51D1387530012CD3B /* ListItemCell.h */,
				6E8D50D61D1387530012CD3B /* ListItemCell.m */,
				6E8D50571D1138160012CD3B /* TransitionAnimated.h */,
				6E8D50581D1138160012CD3B /* TransitionAnimated.m */,
				6E8D505A1D113DC60012CD3B /* PushAnimated.h */,
				6E8D505B1D113DC60012CD3B /* PushAnimated.m */,
				6E8D505D1D113DDE0012CD3B /* PopAnimated.h */,
				6E8D505E1D113DDE0012CD3B /* PopAnimated.m */,
				6E8D50541D1133E70012CD3B /* SecondViewController.h */,
				6E8D50551D1133E70012CD3B /* SecondViewController.m */,
				6E8D50401D1133B20012CD3B /* ViewController.h */,
				6E8D50411D1133B20012CD3B /* ViewController.m */,
				6EB41A2A1D1D19AA00C32DA7 /* LDCPch.h */,
				6E8D50431D1133B20012CD3B /* Main.storyboard */,
				6E8D50461D1133B20012CD3B /* Assets.xcassets */,
				6E8D50481D1133B20012CD3B /* LaunchScreen.storyboard */,
				6E8D504B1D1133B20012CD3B /* Info.plist */,
				6E8D503A1D1133B20012CD3B /* Supporting Files */,
			);
			path = "自定义视图控制器切换";
			sourceTree = "<group>";
		};
		6E8D503A1D1133B20012CD3B /* Supporting Files */ = {
			isa = PBXGroup;
			children = (
				6E8D503B1D1133B20012CD3B /* main.m */,
			);
			name = "Supporting Files";
			sourceTree = "<group>";
		};
		6E8D507E1D127FEB0012CD3B /* GCD */ = {
			isa = PBXGroup;
			children = (
				6E8D507F1D12803E0012CD3B /* GCDQueue.h */,
				6E8D50801D12803E0012CD3B /* GCDQueue.m */,
			);
			name = GCD;
			sourceTree = "<group>";
		};
		6E8D508B1D12CAF20012CD3B /* pop */ = {
			isa = PBXGroup;
			children = (
				6E8D508C1D12CAF20012CD3B /* POP.h */,
				6E8D508D1D12CAF20012CD3B /* POPAction.h */,
				6E8D508E1D12CAF20012CD3B /* POPAnimatableProperty.h */,
				6E8D508F1D12CAF20012CD3B /* POPAnimatableProperty.mm */,
				6E8D50901D12CAF20012CD3B /* POPAnimation.h */,
				6E8D50911D12CAF20012CD3B /* POPAnimation.mm */,
				6E8D50921D12CAF20012CD3B /* POPAnimationEvent.h */,
				6E8D50931D12CAF20012CD3B /* POPAnimationEvent.mm */,
				6E8D50941D12CAF20012CD3B /* POPAnimationEventInternal.h */,
				6E8D50951D12CAF20012CD3B /* POPAnimationExtras.h */,
				6E8D50961D12CAF20012CD3B /* POPAnimationExtras.mm */,
				6E8D50971D12CAF20012CD3B /* POPAnimationInternal.h */,
				6E8D50981D12CAF20012CD3B /* POPAnimationPrivate.h */,
				6E8D50991D12CAF20012CD3B /* POPAnimationRuntime.h */,
				6E8D509A1D12CAF20012CD3B /* POPAnimationRuntime.mm */,
				6E8D509B1D12CAF20012CD3B /* POPAnimationTracer.h */,
				6E8D509C1D12CAF20012CD3B /* POPAnimationTracer.mm */,
				6E8D509D1D12CAF20012CD3B /* POPAnimationTracerInternal.h */,
				6E8D509E1D12CAF20012CD3B /* POPAnimator.h */,
				6E8D509F1D12CAF20012CD3B /* POPAnimator.mm */,
				6E8D50A01D12CAF20012CD3B /* POPAnimatorPrivate.h */,
				6E8D50A11D12CAF20012CD3B /* POPBasicAnimation.h */,
				6E8D50A21D12CAF20012CD3B /* POPBasicAnimation.mm */,
				6E8D50A31D12CAF20012CD3B /* POPBasicAnimationInternal.h */,
				6E8D50A41D12CAF20012CD3B /* POPCGUtils.h */,
				6E8D50A51D12CAF20012CD3B /* POPCGUtils.mm */,
				6E8D50A61D12CAF20012CD3B /* POPCustomAnimation.h */,
				6E8D50A71D12CAF20012CD3B /* POPCustomAnimation.mm */,
				6E8D50A81D12CAF20012CD3B /* POPDecayAnimation.h */,
				6E8D50A91D12CAF20012CD3B /* POPDecayAnimation.mm */,
				6E8D50AA1D12CAF20012CD3B /* POPDecayAnimationInternal.h */,
				6E8D50AB1D12CAF20012CD3B /* POPDefines.h */,
				6E8D50AC1D12CAF20012CD3B /* POPGeometry.h */,
				6E8D50AD1D12CAF20012CD3B /* POPGeometry.mm */,
				6E8D50AE1D12CAF20012CD3B /* POPLayerExtras.h */,
				6E8D50AF1D12CAF20012CD3B /* POPLayerExtras.mm */,
				6E8D50B01D12CAF20012CD3B /* POPMath.h */,
				6E8D50B11D12CAF20012CD3B /* POPMath.mm */,
				6E8D50B21D12CAF20012CD3B /* POPPropertyAnimation.h */,
				6E8D50B31D12CAF20012CD3B /* POPPropertyAnimation.mm */,
				6E8D50B41D12CAF20012CD3B /* POPPropertyAnimationInternal.h */,
				6E8D50B51D12CAF20012CD3B /* POPSpringAnimation.h */,
				6E8D50B61D12CAF20012CD3B /* POPSpringAnimation.mm */,
				6E8D50B71D12CAF20012CD3B /* POPSpringAnimationInternal.h */,
				6E8D50B81D12CAF20012CD3B /* POPSpringSolver.h */,
				6E8D50B91D12CAF20012CD3B /* POPVector.h */,
				6E8D50BA1D12CAF20012CD3B /* POPVector.mm */,
				6E8D50BB1D12CAF20012CD3B /* WebCore */,
			);
			path = pop;
			sourceTree = "<group>";
		};
		6E8D50BB1D12CAF20012CD3B /* WebCore */ = {
			isa = PBXGroup;
			children = (
				6E8D50BC1D12CAF20012CD3B /* FloatConversion.h */,
				6E8D50BD1D12CAF20012CD3B /* TransformationMatrix.cpp */,
				6E8D50BE1D12CAF20012CD3B /* TransformationMatrix.h */,
				6E8D50BF1D12CAF20012CD3B /* UnitBezier.h */,
			);
			path = WebCore;
			sourceTree = "<group>";
		};
		6E8D50D81D13BB780012CD3B /* UICategory */ = {
			isa = PBXGroup;
			children = (
				6E8D50601D113E860012CD3B /* UIView+SetRect.h */,
				6E8D50611D113E860012CD3B /* UIView+SetRect.m */,
				6E8D50DE1D13BE3E0012CD3B /* UIFont+Fonts.h */,
				6E8D50DF1D13BE3E0012CD3B /* UIFont+Fonts.m */,
				6EB41A2B1D1D382F00C32DA7 /* UIBarButtonItem+LDC.h */,
				6EB41A2C1D1D382F00C32DA7 /* UIBarButtonItem+LDC.m */,
				6EB41A341D1E4E4200C32DA7 /* UIImage+LDC.h */,
				6EB41A351D1E4E4200C32DA7 /* UIImage+LDC.m */,
			);
			name = UICategory;
			sourceTree = "<group>";
		};
		6E8D50D91D13BB9A0012CD3B /* ViewControllerss */ = {
			isa = PBXGroup;
			children = (
				6E8D50DA1D13BBCE0012CD3B /* SpringScaleViewController.h */,
				6E8D50DB1D13BBCE0012CD3B /* SpringScaleViewController.m */,
				6E8D50E11D1500AE0012CD3B /* ScrollViewAnimationController.h */,
				6E8D50E21D1500AE0012CD3B /* ScrollViewAnimationController.m */,
				6E8D50F71D15B8810012CD3B /* InfiniteLoopViewController.h */,
				6E8D50F81D15B8810012CD3B /* InfiniteLoopViewController.m */,
				6EADB9941D18DDAC0043419D /* ScrollParallax ViewController.h */,
				6EADB9951D18DDAC0043419D /* ScrollParallax ViewController.m */,
			);
			name = ViewControllerss;
			sourceTree = "<group>";
		};
		6E8D50DD1D13BCD40012CD3B /* BaseVC */ = {
			isa = PBXGroup;
			children = (
				6E8D50881D12B1BF0012CD3B /* BaseViewController.h */,
				6E8D50891D12B1BF0012CD3B /* BaseViewController.m */,
			);
			name = BaseVC;
			sourceTree = "<group>";
		};
		6E8D50E41D1509A70012CD3B /* Picture */ = {
			isa = PBXGroup;
			children = (
				6E8D50F51D1583820012CD3B /* 0.png */,
				6E8D50E51D1509A70012CD3B /* 1.png */,
				6E8D50E71D1509A70012CD3B /* 2.png */,
				6EADB9971D18E01E0043419D /* 3.png */,
			);
			path = Picture;
			sourceTree = "<group>";
		};
		6E8D50ED1D156F420012CD3B /* ScrollViewComputing */ = {
			isa = PBXGroup;
			children = (
				6E8D50FA1D1646180012CD3B /* ScrollViewLoopManager */,
				6E8D50EE1D156F800012CD3B /* ScrollViewComputingAlphaValue.h */,
				6E8D50EF1D156F800012CD3B /* ScrollViewComputingAlphaValue.m */,
			);
			name = ScrollViewComputing;
			sourceTree = "<group>";
		};
		6E8D50F11D1571120012CD3B /* Math */ = {
			isa = PBXGroup;
			children = (
				6E8D50F21D1571300012CD3B /* Math.h */,
				6E8D50F31D1571300012CD3B /* Math.m */,
			);
			name = Math;
			sourceTree = "<group>";
		};
		6E8D50FA1D1646180012CD3B /* ScrollViewLoopManager */ = {
			isa = PBXGroup;
			children = (
				6E8D50FE1D1646F60012CD3B /* InfiniteLoopViewBuilder.h */,
				6E8D50FF1D1646F60012CD3B /* InfiniteLoopViewBuilder.m */,
				6E8D51011D164A680012CD3B /* InfiniteLoopView.h */,
				6E8D51021D164A680012CD3B /* InfiniteLoopView.m */,
			);
			name = ScrollViewLoopManager;
			sourceTree = "<group>";
		};
		6E8D51041D1664B50012CD3B /* Cell */ = {
			isa = PBXGroup;
			children = (
				6E8D51051D1665010012CD3B /* CustomInfiniteLoopViewCell.h */,
				6E8D51061D1665010012CD3B /* CustomInfiniteLoopViewCell.m */,
				6E8D51091D1689780012CD3B /* LoopViewCell.h */,
				6E8D510A1D1689780012CD3B /* LoopViewCell.m */,
				6E8D51081D1665A80012CD3B /* InfiniteLoopViewProtocol.h */,
			);
			name = Cell;
			sourceTree = "<group>";
		};
		6E8D510C1D168BE50012CD3B /* Models */ = {
			isa = PBXGroup;
			children = (
				6EADB9BB1D1A8EC70043419D /* 链式编程 */,
				6EADB9B71D1A7FED0043419D /* 函数式编程 */,
				6EADB9B01D1A6B390043419D /* 响应式编程 */,
				6E8D510D1D168C030012CD3B /* ImageModel.h */,
				6E8D510E1D168C030012CD3B /* ImageModel.m */,
			);
			name = Models;
			sourceTree = "<group>";
		};
		6E8D51101D16D47E0012CD3B /* ThirdParty */ = {
			isa = PBXGroup;
			children = (
				6E8D51111D16D4D20012CD3B /* SDWebImage */,
			);
			name = ThirdParty;
			sourceTree = "<group>";
		};
		6E8D51111D16D4D20012CD3B /* SDWebImage */ = {
			isa = PBXGroup;
			children = (
				6E8D51121D16D4D20012CD3B /* MKAnnotationView+WebCache.h */,
				6E8D51131D16D4D20012CD3B /* MKAnnotationView+WebCache.m */,
				6E8D51141D16D4D20012CD3B /* NSData+ImageContentType.h */,
				6E8D51151D16D4D20012CD3B /* NSData+ImageContentType.m */,
				6E8D51161D16D4D20012CD3B /* SDImageCache.h */,
				6E8D51171D16D4D20012CD3B /* SDImageCache.m */,
				6E8D51181D16D4D20012CD3B /* SDWebImageCompat.h */,
				6E8D51191D16D4D20012CD3B /* SDWebImageCompat.m */,
				6E8D511A1D16D4D20012CD3B /* SDWebImageDecoder.h */,
				6E8D511B1D16D4D20012CD3B /* SDWebImageDecoder.m */,
				6E8D511C1D16D4D20012CD3B /* SDWebImageDownloader.h */,
				6E8D511D1D16D4D20012CD3B /* SDWebImageDownloader.m */,
				6E8D511E1D16D4D20012CD3B /* SDWebImageDownloaderOperation.h */,
				6E8D511F1D16D4D20012CD3B /* SDWebImageDownloaderOperation.m */,
				6E8D51201D16D4D20012CD3B /* SDWebImageManager.h */,
				6E8D51211D16D4D20012CD3B /* SDWebImageManager.m */,
				6E8D51221D16D4D20012CD3B /* SDWebImageOperation.h */,
				6E8D51231D16D4D20012CD3B /* SDWebImagePrefetcher.h */,
				6E8D51241D16D4D20012CD3B /* SDWebImagePrefetcher.m */,
				6E8D51251D16D4D20012CD3B /* UIButton+WebCache.h */,
				6E8D51261D16D4D20012CD3B /* UIButton+WebCache.m */,
				6E8D51271D16D4D20012CD3B /* UIImage+GIF.h */,
				6E8D51281D16D4D20012CD3B /* UIImage+GIF.m */,
				6E8D51291D16D4D20012CD3B /* UIImage+MultiFormat.h */,
				6E8D512A1D16D4D20012CD3B /* UIImage+MultiFormat.m */,
				6E8D512B1D16D4D20012CD3B /* UIImage+WebP.h */,
				6E8D512C1D16D4D20012CD3B /* UIImage+WebP.m */,
				6E8D512D1D16D4D20012CD3B /* UIImageView+HighlightedWebCache.h */,
				6E8D512E1D16D4D20012CD3B /* UIImageView+HighlightedWebCache.m */,
				6E8D512F1D16D4D20012CD3B /* UIImageView+WebCache.h */,
				6E8D51301D16D4D20012CD3B /* UIImageView+WebCache.m */,
				6E8D51311D16D4D20012CD3B /* UIView+WebCacheOperation.h */,
				6E8D51321D16D4D20012CD3B /* UIView+WebCacheOperation.m */,
			);
			path = SDWebImage;
			sourceTree = "<group>";
		};
		6EADB9991D18E16F0043419D /* View */ = {
			isa = PBXGroup;
			children = (
				6EADB99A1D18E1920043419D /* MoreInfoView.h */,
				6EADB99B1D18E1920043419D /* MoreInfoView.m */,
			);
			name = View;
			sourceTree = "<group>";
		};
		6EADB99D1D1933C80043419D /* Maker */ = {
			isa = PBXGroup;
			children = (
				6EADB99E1D1934070043419D /* CalculatorMaker.h */,
				6EADB99F1D1934070043419D /* CalculatorMaker.m */,
				6EADB9A41D1A443F0043419D /* CalculatorManger.h */,
				6EADB9A51D1A443F0043419D /* CalculatorManger.m */,
				6EADB9AA1D1A48AA0043419D /* NSObject+Manger.h */,
				6EADB9AB1D1A48AA0043419D /* NSObject+Manger.m */,
				6EADB9A11D193DE90043419D /* NSObject+Calculator.h */,
				6EADB9A21D193DE90043419D /* NSObject+Calculator.m */,
			);
			name = Maker;
			sourceTree = "<group>";
		};
		6EADB9B01D1A6B390043419D /* 响应式编程 */ = {
			isa = PBXGroup;
			children = (
				6EADB9AD1D1A69090043419D /* Person.h */,
				6EADB9AE1D1A69090043419D /* Person.m */,
				6EADB9B11D1A6B6A0043419D /* NSObject+KVO.h */,
				6EADB9B21D1A6B6A0043419D /* NSObject+KVO.m */,
				6EADB9B41D1A6D790043419D /* LDCKVONotifiyingPerson.h */,
				6EADB9B51D1A6D790043419D /* LDCKVONotifiyingPerson.m */,
			);
			name = "响应式编程";
			sourceTree = "<group>";
		};
		6EADB9B71D1A7FED0043419D /* 函数式编程 */ = {
			isa = PBXGroup;
			children = (
				6EADB9B81D1A801F0043419D /* Calculator.h */,
				6EADB9B91D1A801F0043419D /* Calculator.m */,
			);
			name = "函数式编程";
			sourceTree = "<group>";
		};
		6EADB9BB1D1A8EC70043419D /* 链式编程 */ = {
			isa = PBXGroup;
			children = (
				6EADB99D1D1933C80043419D /* Maker */,
			);
			name = "链式编程";
			sourceTree = "<group>";
		};
		6EB41A251D1D134B00C32DA7 /* Base */ = {
			isa = PBXGroup;
			children = (
				6EB41A261D1D135300C32DA7 /* BaseNav */,
			);
			name = Base;
			sourceTree = "<group>";
		};
		6EB41A261D1D135300C32DA7 /* BaseNav */ = {
			isa = PBXGroup;
			children = (
				6EB41A271D1D13C100C32DA7 /* LDCBaseNavigationController.h */,
				6EB41A281D1D13C100C32DA7 /* LDCBaseNavigationController.m */,
				6EB41A2E1D1E498900C32DA7 /* LDCTabBarController.h */,
				6EB41A2F1D1E498900C32DA7 /* LDCTabBarController.m */,
				6EDE18E71D1E9F5700DA552F /* LDCTabBar.h */,
				6EDE18E81D1E9F5700DA552F /* LDCTabBar.m */,
			);
			name = BaseNav;
			sourceTree = "<group>";
		};
		6EDE18EA1D1EA1CF00DA552F /* ViewControllers */ = {
			isa = PBXGroup;
			children = (
				6E34868A1D20EC19001B9337 /* 关注 */,
				6EDE18FE1D1FDC2400DA552F /* 新帖 */,
				6EDE18F71D1F997B00DA552F /* 精华 */,
				6EDE18F41D1EA2DF00DA552F /* LDCMineViewController.h */,
				6EDE18F51D1EA2DF00DA552F /* LDCMineViewController.m */,
			);
			path = ViewControllers;
			sourceTree = "<group>";
		};
		6EDE18F71D1F997B00DA552F /* 精华 */ = {
			isa = PBXGroup;
			children = (
				6EDE18FA1D1F99B300DA552F /* View */,
				6EDE18F91D1F99AC00DA552F /* Model */,
				6EDE18F81D1F99A300DA552F /* ViewController */,
			);
			name = "精华";
			sourceTree = "<group>";
		};
		6EDE18F81D1F99A300DA552F /* ViewController */ = {
			isa = PBXGroup;
			children = (
				6EDE18EB1D1EA24300DA552F /* LDCEssenceViewController.h */,
				6EDE18EC1D1EA24300DA552F /* LDCEssenceViewController.m */,
				6EDE18FB1D1F9A1500DA552F /* LDCEssenceDetailViewController.h */,
				6EDE18FC1D1F9A1500DA552F /* LDCEssenceDetailViewController.m */,
			);
			name = ViewController;
			sourceTree = "<group>";
		};
		6EDE18F91D1F99AC00DA552F /* Model */ = {
			isa = PBXGroup;
			children = (
			);
			name = Model;
			sourceTree = "<group>";
		};
		6EDE18FA1D1F99B300DA552F /* View */ = {
			isa = PBXGroup;
			children = (
			);
			name = View;
			sourceTree = "<group>";
		};
		6EDE18FE1D1FDC2400DA552F /* 新帖 */ = {
			isa = PBXGroup;
			children = (
				6EDE18EE1D1EA28400DA552F /* LDCNewViewController.h */,
				6EDE18EF1D1EA28400DA552F /* LDCNewViewController.m */,
				6EDE18FF1D1FDC5200DA552F /* LDCNewDetailViewController.h */,
				6EDE19001D1FDC5200DA552F /* LDCNewDetailViewController.m */,
			);
			name = "新帖";
			sourceTree = "<group>";
		};
/* End PBXGroup section */

/* Begin PBXNativeTarget section */
		6E8D50361D1133B20012CD3B /* 自定义视图控制器切换 */ = {
			isa = PBXNativeTarget;
			buildConfigurationList = 6E8D504E1D1133B20012CD3B /* Build configuration list for PBXNativeTarget "自定义视图控制器切换" */;
			buildPhases = (
				6E8D50331D1133B20012CD3B /* Sources */,
				6E8D50341D1133B20012CD3B /* Frameworks */,
				6E8D50351D1133B20012CD3B /* Resources */,
			);
			buildRules = (
			);
			dependencies = (
			);
			name = "自定义视图控制器切换";
			productName = "自定义视图控制器切换";
			productReference = 6E8D50371D1133B20012CD3B /* 自定义视图控制器切换.app */;
			productType = "com.apple.product-type.application";
		};
/* End PBXNativeTarget section */

/* Begin PBXProject section */
		6E8D502F1D1133B20012CD3B /* Project object */ = {
			isa = PBXProject;
			attributes = {
				CLASSPREFIX = LDC;
				LastUpgradeCheck = 0730;
				ORGANIZATIONNAME = "花生";
				TargetAttributes = {
					6E8D50361D1133B20012CD3B = {
						CreatedOnToolsVersion = 7.3;
					};
				};
			};
			buildConfigurationList = 6E8D50321D1133B20012CD3B /* Build configuration list for PBXProject "自定义视图控制器切换" */;
			compatibilityVersion = "Xcode 3.2";
			developmentRegion = English;
			hasScannedForEncodings = 0;
			knownRegions = (
				en,
				Base,
			);
			mainGroup = 6E8D502E1D1133B20012CD3B;
			productRefGroup = 6E8D50381D1133B20012CD3B /* Products */;
			projectDirPath = "";
			projectRoot = "";
			targets = (
				6E8D50361D1133B20012CD3B /* 自定义视图控制器切换 */,
			);
		};
/* End PBXProject section */

/* Begin PBXResourcesBuildPhase section */
		6E8D50351D1133B20012CD3B /* Resources */ = {
			isa = PBXResourcesBuildPhase;
			buildActionMask = 2147483647;
			files = (
				6E8D504A1D1133B20012CD3B /* LaunchScreen.storyboard in Resources */,
				6E3486941D22300B001B9337 /* LDCRecommendViewController.xib in Resources */,
				6EADB9981D18E01E0043419D /* 3.png in Resources */,
				6E8D50471D1133B20012CD3B /* Assets.xcassets in Resources */,
				6E8D50EA1D1509A70012CD3B /* 2.png in Resources */,
				6E8D50451D1133B20012CD3B /* Main.storyboard in Resources */,
				6E8D50F61D1583820012CD3B /* 0.png in Resources */,
				6E8D50E81D1509A70012CD3B /* 1.png in Resources */,
			);
			runOnlyForDeploymentPostprocessing = 0;
		};
/* End PBXResourcesBuildPhase section */

/* Begin PBXSourcesBuildPhase section */
		6E8D50331D1133B20012CD3B /* Sources */ = {
			isa = PBXSourcesBuildPhase;
			buildActionMask = 2147483647;
			files = (
				6EDE19011D1FDC5200DA552F /* LDCNewDetailViewController.m in Sources */,
				6E8D50CD1D12CAF20012CD3B /* POPMath.mm in Sources */,
				6E8D50561D1133E70012CD3B /* SecondViewController.m in Sources */,
				6E8D50C41D12CAF20012CD3B /* POPAnimationRuntime.mm in Sources */,
				6E8D505C1D113DC60012CD3B /* PushAnimated.m in Sources */,
				6E8D50C11D12CAF20012CD3B /* POPAnimation.mm in Sources */,
				6E8D50CC1D12CAF20012CD3B /* POPLayerExtras.mm in Sources */,
				6E8D51001D1646F60012CD3B /* InfiniteLoopViewBuilder.m in Sources */,
				6EDE18F31D1EA2B900DA552F /* LDCAttentionViewController.m in Sources */,
				6EADB9A01D1934070043419D /* CalculatorMaker.m in Sources */,
				6E8D50E31D1500AE0012CD3B /* ScrollViewAnimationController.m in Sources */,
				6EADB9BA1D1A801F0043419D /* Calculator.m in Sources */,
				6EADB9A31D193DE90043419D /* NSObject+Calculator.m in Sources */,
				6E8D510B1D1689780012CD3B /* LoopViewCell.m in Sources */,
				6E8D513C1D16D4D20012CD3B /* UIButton+WebCache.m in Sources */,
				6EDE18E91D1E9F5700DA552F /* LDCTabBar.m in Sources */,
				6E8D510F1D168C030012CD3B /* ImageModel.m in Sources */,
				6E8D51341D16D4D20012CD3B /* NSData+ImageContentType.m in Sources */,
				6E8D51371D16D4D20012CD3B /* SDWebImageDecoder.m in Sources */,
				6E8D50F91D15B8810012CD3B /* InfiniteLoopViewController.m in Sources */,
				6EADB9B61D1A6D790043419D /* LDCKVONotifiyingPerson.m in Sources */,
				6EDE18ED1D1EA24300DA552F /* LDCEssenceViewController.m in Sources */,
				6EADB9A61D1A443F0043419D /* CalculatorManger.m in Sources */,
				6E8D50F41D1571300012CD3B /* Math.m in Sources */,
				6E8D50C61D12CAF20012CD3B /* POPAnimator.mm in Sources */,
				6E8D50C91D12CAF20012CD3B /* POPCustomAnimation.mm in Sources */,
				6E8D50C01D12CAF20012CD3B /* POPAnimatableProperty.mm in Sources */,
				6E8D513A1D16D4D20012CD3B /* SDWebImageManager.m in Sources */,
				6EB41A291D1D13C100C32DA7 /* LDCBaseNavigationController.m in Sources */,
				6EADB9AF1D1A69090043419D /* Person.m in Sources */,
				6E8D50F01D156F800012CD3B /* ScrollViewComputingAlphaValue.m in Sources */,
				6E8D51331D16D4D20012CD3B /* MKAnnotationView+WebCache.m in Sources */,
				6E8D50C71D12CAF20012CD3B /* POPBasicAnimation.mm in Sources */,
				6E8D51361D16D4D20012CD3B /* SDWebImageCompat.m in Sources */,
				6E8D51351D16D4D20012CD3B /* SDImageCache.m in Sources */,
				6E8D508A1D12B1BF0012CD3B /* BaseViewController.m in Sources */,
				6E8D513B1D16D4D20012CD3B /* SDWebImagePrefetcher.m in Sources */,
				6E8D51401D16D4D20012CD3B /* UIImageView+HighlightedWebCache.m in Sources */,
				6E8D50CA1D12CAF20012CD3B /* POPDecayAnimation.mm in Sources */,
				6E8D505F1D113DDE0012CD3B /* PopAnimated.m in Sources */,
				6E8D51411D16D4D20012CD3B /* UIImageView+WebCache.m in Sources */,
				6E8D50C51D12CAF20012CD3B /* POPAnimationTracer.mm in Sources */,
				6EADB99C1D18E1920043419D /* MoreInfoView.m in Sources */,
				6EB41A361D1E4E4200C32DA7 /* UIImage+LDC.m in Sources */,
				6E8D50D41D12CF9D0012CD3B /* CustomCell.m in Sources */,
				6E8D50D01D12CAF20012CD3B /* POPVector.mm in Sources */,
				6E8D50DC1D13BBCE0012CD3B /* SpringScaleViewController.m in Sources */,
				6EB41A2D1D1D382F00C32DA7 /* UIBarButtonItem+LDC.m in Sources */,
				6E8D513F1D16D4D20012CD3B /* UIImage+WebP.m in Sources */,
				6E8D50C31D12CAF20012CD3B /* POPAnimationExtras.mm in Sources */,
				6E8D50CE1D12CAF20012CD3B /* POPPropertyAnimation.mm in Sources */,
				6EADB9AC1D1A48AA0043419D /* NSObject+Manger.m in Sources */,
				6E8D513E1D16D4D20012CD3B /* UIImage+MultiFormat.m in Sources */,
				6E8D513D1D16D4D20012CD3B /* UIImage+GIF.m in Sources */,
				6E8D50421D1133B20012CD3B /* ViewController.m in Sources */,
				6E8D50E01D13BE3E0012CD3B /* UIFont+Fonts.m in Sources */,
				6E8D50811D12803E0012CD3B /* GCDQueue.m in Sources */,
				6EDE18F01D1EA28400DA552F /* LDCNewViewController.m in Sources */,
				6E8D503F1D1133B20012CD3B /* AppDelegate.m in Sources */,
				6E8D503C1D1133B20012CD3B /* main.m in Sources */,
				6E8D51071D1665010012CD3B /* CustomInfiniteLoopViewCell.m in Sources */,
				6E8D50D71D1387530012CD3B /* ListItemCell.m in Sources */,
				6E8D50CF1D12CAF20012CD3B /* POPSpringAnimation.mm in Sources */,
				6EDE18FD1D1F9A1500DA552F /* LDCEssenceDetailViewController.m in Sources */,
				6E8D51391D16D4D20012CD3B /* SDWebImageDownloaderOperation.m in Sources */,
				6EADB9961D18DDAC0043419D /* ScrollParallax ViewController.m in Sources */,
				6E8D51031D164A680012CD3B /* InfiniteLoopView.m in Sources */,
				6E3486901D20EC99001B9337 /* LDCRecommendViewController.m in Sources */,
				6EADB9B31D1A6B6A0043419D /* NSObject+KVO.m in Sources */,
				6EB41A301D1E498900C32DA7 /* LDCTabBarController.m in Sources */,
				6E8D51381D16D4D20012CD3B /* SDWebImageDownloader.m in Sources */,
				6E8D50CB1D12CAF20012CD3B /* POPGeometry.mm in Sources */,
				6E8D50C81D12CAF20012CD3B /* POPCGUtils.mm in Sources */,
				6E8D50531D1133D40012CD3B /* FirstViewController.m in Sources */,
				6E8D50C21D12CAF20012CD3B /* POPAnimationEvent.mm in Sources */,
				6E8D50621D113E860012CD3B /* UIView+SetRect.m in Sources */,
				6E8D50591D1138160012CD3B /* TransitionAnimated.m in Sources */,
				6EDE18F61D1EA2DF00DA552F /* LDCMineViewController.m in Sources */,
				6E8D51421D16D4D20012CD3B /* UIView+WebCacheOperation.m in Sources */,
				6E8D50D11D12CAF20012CD3B /* TransformationMatrix.cpp in Sources */,
			);
			runOnlyForDeploymentPostprocessing = 0;
		};
/* End PBXSourcesBuildPhase section */

/* Begin PBXVariantGroup section */
		6E8D50431D1133B20012CD3B /* Main.storyboard */ = {
			isa = PBXVariantGroup;
			children = (
				6E8D50441D1133B20012CD3B /* Base */,
			);
			name = Main.storyboard;
			sourceTree = "<group>";
		};
		6E8D50481D1133B20012CD3B /* LaunchScreen.storyboard */ = {
			isa = PBXVariantGroup;
			children = (
				6E8D50491D1133B20012CD3B /* Base */,
			);
			name = LaunchScreen.storyboard;
			sourceTree = "<group>";
		};
/* End PBXVariantGroup section */

/* Begin XCBuildConfiguration section */
		6E8D504C1D1133B20012CD3B /* Debug */ = {
			isa = XCBuildConfiguration;
			buildSettings = {
				ALWAYS_SEARCH_USER_PATHS = NO;
				CLANG_ANALYZER_NONNULL = YES;
				CLANG_CXX_LANGUAGE_STANDARD = "gnu++0x";
				CLANG_CXX_LIBRARY = "libc++";
				CLANG_ENABLE_MODULES = YES;
				CLANG_ENABLE_OBJC_ARC = YES;
				CLANG_WARN_BOOL_CONVERSION = YES;
				CLANG_WARN_CONSTANT_CONVERSION = YES;
				CLANG_WARN_DIRECT_OBJC_ISA_USAGE = YES_ERROR;
				CLANG_WARN_EMPTY_BODY = YES;
				CLANG_WARN_ENUM_CONVERSION = YES;
				CLANG_WARN_INT_CONVERSION = YES;
				CLANG_WARN_OBJC_ROOT_CLASS = YES_ERROR;
				CLANG_WARN_UNREACHABLE_CODE = YES;
				CLANG_WARN__DUPLICATE_METHOD_MATCH = YES;
				"CODE_SIGN_IDENTITY[sdk=iphoneos*]" = "iPhone Developer";
				COPY_PHASE_STRIP = NO;
				DEBUG_INFORMATION_FORMAT = dwarf;
				ENABLE_STRICT_OBJC_MSGSEND = YES;
				ENABLE_TESTABILITY = YES;
				GCC_C_LANGUAGE_STANDARD = gnu99;
				GCC_DYNAMIC_NO_PIC = NO;
				GCC_NO_COMMON_BLOCKS = YES;
				GCC_OPTIMIZATION_LEVEL = 0;
				GCC_PREFIX_HEADER = /Users/peanut/Desktop/zidingyi/LDCPch.h;
				GCC_PREPROCESSOR_DEFINITIONS = (
					"DEBUG=1",
					"$(inherited)",
				);
				GCC_WARN_64_TO_32_BIT_CONVERSION = YES;
				GCC_WARN_ABOUT_RETURN_TYPE = YES_ERROR;
				GCC_WARN_UNDECLARED_SELECTOR = YES;
				GCC_WARN_UNINITIALIZED_AUTOS = YES_AGGRESSIVE;
				GCC_WARN_UNUSED_FUNCTION = YES;
				GCC_WARN_UNUSED_VARIABLE = YES;
				IPHONEOS_DEPLOYMENT_TARGET = 9.3;
				MTL_ENABLE_DEBUG_INFO = YES;
				ONLY_ACTIVE_ARCH = YES;
				SDKROOT = iphoneos;
				TARGETED_DEVICE_FAMILY = "1,2";
			};
			name = Debug;
		};
		6E8D504D1D1133B20012CD3B /* Release */ = {
			isa = XCBuildConfiguration;
			buildSettings = {
				ALWAYS_SEARCH_USER_PATHS = NO;
				CLANG_ANALYZER_NONNULL = YES;
				CLANG_CXX_LANGUAGE_STANDARD = "gnu++0x";
				CLANG_CXX_LIBRARY = "libc++";
				CLANG_ENABLE_MODULES = YES;
				CLANG_ENABLE_OBJC_ARC = YES;
				CLANG_WARN_BOOL_CONVERSION = YES;
				CLANG_WARN_CONSTANT_CONVERSION = YES;
				CLANG_WARN_DIRECT_OBJC_ISA_USAGE = YES_ERROR;
				CLANG_WARN_EMPTY_BODY = YES;
				CLANG_WARN_ENUM_CONVERSION = YES;
				CLANG_WARN_INT_CONVERSION = YES;
				CLANG_WARN_OBJC_ROOT_CLASS = YES_ERROR;
				CLANG_WARN_UNREACHABLE_CODE = YES;
				CLANG_WARN__DUPLICATE_METHOD_MATCH = YES;
				"CODE_SIGN_IDENTITY[sdk=iphoneos*]" = "iPhone Developer";
				COPY_PHASE_STRIP = NO;
				DEBUG_INFORMATION_FORMAT = "dwarf-with-dsym";
				ENABLE_NS_ASSERTIONS = NO;
				ENABLE_STRICT_OBJC_MSGSEND = YES;
				GCC_C_LANGUAGE_STANDARD = gnu99;
				GCC_NO_COMMON_BLOCKS = YES;
				GCC_PREFIX_HEADER = /Users/peanut/Desktop/zidingyi/LDCPch.h;
				GCC_WARN_64_TO_32_BIT_CONVERSION = YES;
				GCC_WARN_ABOUT_RETURN_TYPE = YES_ERROR;
				GCC_WARN_UNDECLARED_SELECTOR = YES;
				GCC_WARN_UNINITIALIZED_AUTOS = YES_AGGRESSIVE;
				GCC_WARN_UNUSED_FUNCTION = YES;
				GCC_WARN_UNUSED_VARIABLE = YES;
				IPHONEOS_DEPLOYMENT_TARGET = 9.3;
				MTL_ENABLE_DEBUG_INFO = NO;
				SDKROOT = iphoneos;
				TARGETED_DEVICE_FAMILY = "1,2";
				VALIDATE_PRODUCT = YES;
			};
			name = Release;
		};
		6E8D504F1D1133B20012CD3B /* Debug */ = {
			isa = XCBuildConfiguration;
			buildSettings = {
				ASSETCATALOG_COMPILER_APPICON_NAME = AppIcon;
				INFOPLIST_FILE = "自定义视图控制器切换/Info.plist";
				LD_RUNPATH_SEARCH_PATHS = "$(inherited) @executable_path/Frameworks";
				PRODUCT_BUNDLE_IDENTIFIER = "peanut.----------";
				PRODUCT_NAME = "$(TARGET_NAME)";
			};
			name = Debug;
		};
		6E8D50501D1133B20012CD3B /* Release */ = {
			isa = XCBuildConfiguration;
			buildSettings = {
				ASSETCATALOG_COMPILER_APPICON_NAME = AppIcon;
				INFOPLIST_FILE = "自定义视图控制器切换/Info.plist";
				LD_RUNPATH_SEARCH_PATHS = "$(inherited) @executable_path/Frameworks";
				PRODUCT_BUNDLE_IDENTIFIER = "peanut.----------";
				PRODUCT_NAME = "$(TARGET_NAME)";
			};
			name = Release;
		};
/* End XCBuildConfiguration section */

/* Begin XCConfigurationList section */
		6E8D50321D1133B20012CD3B /* Build configuration list for PBXProject "自定义视图控制器切换" */ = {
			isa = XCConfigurationList;
			buildConfigurations = (
				6E8D504C1D1133B20012CD3B /* Debug */,
				6E8D504D1D1133B20012CD3B /* Release */,
			);
			defaultConfigurationIsVisible = 0;
			defaultConfigurationName = Release;
		};
		6E8D504E1D1133B20012CD3B /* Build configuration list for PBXNativeTarget "自定义视图控制器切换" */ = {
			isa = XCConfigurationList;
			buildConfigurations = (
				6E8D504F1D1133B20012CD3B /* Debug */,
				6E8D50501D1133B20012CD3B /* Release */,
			);
			defaultConfigurationIsVisible = 0;
			defaultConfigurationName = Release;
		};
/* End XCConfigurationList section */
	};
	rootObject = 6E8D502F1D1133B20012CD3B /* Project object */;
}
